// !$*UTF8*$!
{
	archiveVersion = 1;
	classes = {
	};
	objectVersion = 42;
	objects = {

/* Begin PBXBuildFile section */
		E45BE97B0E8CC7DD009D7055 /* AGL.framework in Frameworks */ = {isa = PBXBuildFile; fileRef = E45BE9710E8CC7DD009D7055 /* AGL.framework */; };
		E45BE97C0E8CC7DD009D7055 /* ApplicationServices.framework in Frameworks */ = {isa = PBXBuildFile; fileRef = E45BE9720E8CC7DD009D7055 /* ApplicationServices.framework */; };
		E45BE97D0E8CC7DD009D7055 /* AudioToolbox.framework in Frameworks */ = {isa = PBXBuildFile; fileRef = E45BE9730E8CC7DD009D7055 /* AudioToolbox.framework */; };
		E45BE97E0E8CC7DD009D7055 /* Carbon.framework in Frameworks */ = {isa = PBXBuildFile; fileRef = E45BE9740E8CC7DD009D7055 /* Carbon.framework */; };
		E45BE97F0E8CC7DD009D7055 /* CoreAudio.framework in Frameworks */ = {isa = PBXBuildFile; fileRef = E45BE9750E8CC7DD009D7055 /* CoreAudio.framework */; };
		E45BE9800E8CC7DD009D7055 /* CoreFoundation.framework in Frameworks */ = {isa = PBXBuildFile; fileRef = E45BE9760E8CC7DD009D7055 /* CoreFoundation.framework */; };
		E45BE9810E8CC7DD009D7055 /* CoreServices.framework in Frameworks */ = {isa = PBXBuildFile; fileRef = E45BE9770E8CC7DD009D7055 /* CoreServices.framework */; };
		E45BE9830E8CC7DD009D7055 /* OpenGL.framework in Frameworks */ = {isa = PBXBuildFile; fileRef = E45BE9790E8CC7DD009D7055 /* OpenGL.framework */; };
		E45BE9840E8CC7DD009D7055 /* QuickTime.framework in Frameworks */ = {isa = PBXBuildFile; fileRef = E45BE97A0E8CC7DD009D7055 /* QuickTime.framework */; };
		E4B69E200A3A1BDC003C02F2 /* main.cpp in Sources */ = {isa = PBXBuildFile; fileRef = E4B69E1D0A3A1BDC003C02F2 /* main.cpp */; };
		E4B69E210A3A1BDC003C02F2 /* testApp.cpp in Sources */ = {isa = PBXBuildFile; fileRef = E4B69E1E0A3A1BDC003C02F2 /* testApp.cpp */; };
		E4C2422B10CC554B004149E2 /* openFrameworks.a in Frameworks */ = {isa = PBXBuildFile; fileRef = E4C2421E10CC549C004149E2 /* openFrameworks.a */; };
		E4C2424710CC5A17004149E2 /* AppKit.framework in Frameworks */ = {isa = PBXBuildFile; fileRef = E4C2424410CC5A17004149E2 /* AppKit.framework */; };
		E4C2424810CC5A17004149E2 /* Cocoa.framework in Frameworks */ = {isa = PBXBuildFile; fileRef = E4C2424510CC5A17004149E2 /* Cocoa.framework */; };
		E4C2424910CC5A17004149E2 /* IOKit.framework in Frameworks */ = {isa = PBXBuildFile; fileRef = E4C2424610CC5A17004149E2 /* IOKit.framework */; };
		E4C2426610CC5A78004149E2 /* GLUT.framework in Frameworks */ = {isa = PBXBuildFile; fileRef = E4C2425F10CC5A78004149E2 /* GLUT.framework */; };
		E4C2426B10CC5AA6004149E2 /* GLUT.framework in CopyFiles */ = {isa = PBXBuildFile; fileRef = E4C2425F10CC5A78004149E2 /* GLUT.framework */; };
		FF2174F413C1E5A200B585A3 /* cairo-script-interpreter.a in Frameworks */ = {isa = PBXBuildFile; fileRef = FF2174DB13C1E5A200B585A3 /* cairo-script-interpreter.a */; };
		FF2174F513C1E5A200B585A3 /* cairo.a in Frameworks */ = {isa = PBXBuildFile; fileRef = FF2174DC13C1E5A200B585A3 /* cairo.a */; };
		FF2174F613C1E5A200B585A3 /* pixman-1.a in Frameworks */ = {isa = PBXBuildFile; fileRef = FF2174DD13C1E5A200B585A3 /* pixman-1.a */; };
		FF2174FE13C1E5A300B585A3 /* glew.a in Frameworks */ = {isa = PBXBuildFile; fileRef = FF2174EF13C1E5A200B585A3 /* glew.a */; };
		FF21752C13C1E5DD00B585A3 /* tess2.a in Frameworks */ = {isa = PBXBuildFile; fileRef = FF21751313C1E5DC00B585A3 /* tess2.a */; };
		FF88432513C3505600394F05 /* tinyxml.cpp in Sources */ = {isa = PBXBuildFile; fileRef = FF88431E13C3505600394F05 /* tinyxml.cpp */; };
		FF88432613C3505600394F05 /* tinyxmlerror.cpp in Sources */ = {isa = PBXBuildFile; fileRef = FF88432013C3505600394F05 /* tinyxmlerror.cpp */; };
		FF88432713C3505600394F05 /* tinyxmlparser.cpp in Sources */ = {isa = PBXBuildFile; fileRef = FF88432113C3505600394F05 /* tinyxmlparser.cpp */; };
		FF88432813C3505600394F05 /* ofxXmlSettings.cpp in Sources */ = {isa = PBXBuildFile; fileRef = FF88432313C3505600394F05 /* ofxXmlSettings.cpp */; };
		FF88433A13C3506400394F05 /* ofxTCPClient.cpp in Sources */ = {isa = PBXBuildFile; fileRef = FF88433213C3506400394F05 /* ofxTCPClient.cpp */; };
		FF88433B13C3506400394F05 /* ofxTCPManager.cpp in Sources */ = {isa = PBXBuildFile; fileRef = FF88433413C3506400394F05 /* ofxTCPManager.cpp */; };
		FF88433C13C3506400394F05 /* ofxTCPServer.cpp in Sources */ = {isa = PBXBuildFile; fileRef = FF88433613C3506400394F05 /* ofxTCPServer.cpp */; };
		FF88433D13C3506400394F05 /* ofxUDPManager.cpp in Sources */ = {isa = PBXBuildFile; fileRef = FF88433813C3506400394F05 /* ofxUDPManager.cpp */; };
		FFA19D581472AD2D00E1386D /* ofxMemoryUsage.cpp in Sources */ = {isa = PBXBuildFile; fileRef = FFA19D131472AD2D00E1386D /* ofxMemoryUsage.cpp */; };
		FFE275FA13F1209500790E13 /* opencv.a in Frameworks */ = {isa = PBXBuildFile; fileRef = FFE275E613F1209500790E13 /* opencv.a */; };
		FFE275FB13F1209500790E13 /* ofxCvColorImage.cpp in Sources */ = {isa = PBXBuildFile; fileRef = FFE275E913F1209500790E13 /* ofxCvColorImage.cpp */; };
		FFE275FC13F1209500790E13 /* ofxCvContourFinder.cpp in Sources */ = {isa = PBXBuildFile; fileRef = FFE275EC13F1209500790E13 /* ofxCvContourFinder.cpp */; };
		FFE275FD13F1209500790E13 /* ofxCvFloatImage.cpp in Sources */ = {isa = PBXBuildFile; fileRef = FFE275EE13F1209500790E13 /* ofxCvFloatImage.cpp */; };
		FFE275FE13F1209500790E13 /* ofxCvGrayscaleImage.cpp in Sources */ = {isa = PBXBuildFile; fileRef = FFE275F013F1209500790E13 /* ofxCvGrayscaleImage.cpp */; };
		FFE275FF13F1209500790E13 /* ofxCvHaarFinder.cpp in Sources */ = {isa = PBXBuildFile; fileRef = FFE275F213F1209500790E13 /* ofxCvHaarFinder.cpp */; };
		FFE2760013F1209500790E13 /* ofxCvImage.cpp in Sources */ = {isa = PBXBuildFile; fileRef = FFE275F413F1209500790E13 /* ofxCvImage.cpp */; };
		FFE2760113F1209500790E13 /* ofxCvShortImage.cpp in Sources */ = {isa = PBXBuildFile; fileRef = FFE275F713F1209500790E13 /* ofxCvShortImage.cpp */; };
/* End PBXBuildFile section */

/* Begin PBXContainerItemProxy section */
		E4C2421D10CC549C004149E2 /* PBXContainerItemProxy */ = {
			isa = PBXContainerItemProxy;
			containerPortal = E4C2421610CC549C004149E2 /* openFrameworksLib.xcodeproj */;
			proxyType = 2;
			remoteGlobalIDString = E4B27C1510CBEB8E00536013;
			remoteInfo = openFrameworks;
		};
		E4C2422710CC54DA004149E2 /* PBXContainerItemProxy */ = {
			isa = PBXContainerItemProxy;
			containerPortal = E4C2421610CC549C004149E2 /* openFrameworksLib.xcodeproj */;
			proxyType = 1;
			remoteGlobalIDString = E4B27C1410CBEB8E00536013;
			remoteInfo = openFrameworks;
		};
/* End PBXContainerItemProxy section */

/* Begin PBXCopyFilesBuildPhase section */
		E4C2427710CC5ABF004149E2 /* CopyFiles */ = {
			isa = PBXCopyFilesBuildPhase;
			buildActionMask = 2147483647;
			dstPath = "";
			dstSubfolderSpec = 10;
			files = (
				E4C2426B10CC5AA6004149E2 /* GLUT.framework in CopyFiles */,
			);
			runOnlyForDeploymentPostprocessing = 0;
		};
/* End PBXCopyFilesBuildPhase section */

/* Begin PBXFileReference section */
		E45BE9710E8CC7DD009D7055 /* AGL.framework */ = {isa = PBXFileReference; lastKnownFileType = wrapper.framework; name = AGL.framework; path = /System/Library/Frameworks/AGL.framework; sourceTree = "<absolute>"; };
		E45BE9720E8CC7DD009D7055 /* ApplicationServices.framework */ = {isa = PBXFileReference; lastKnownFileType = wrapper.framework; name = ApplicationServices.framework; path = /System/Library/Frameworks/ApplicationServices.framework; sourceTree = "<absolute>"; };
		E45BE9730E8CC7DD009D7055 /* AudioToolbox.framework */ = {isa = PBXFileReference; lastKnownFileType = wrapper.framework; name = AudioToolbox.framework; path = /System/Library/Frameworks/AudioToolbox.framework; sourceTree = "<absolute>"; };
		E45BE9740E8CC7DD009D7055 /* Carbon.framework */ = {isa = PBXFileReference; lastKnownFileType = wrapper.framework; name = Carbon.framework; path = /System/Library/Frameworks/Carbon.framework; sourceTree = "<absolute>"; };
		E45BE9750E8CC7DD009D7055 /* CoreAudio.framework */ = {isa = PBXFileReference; lastKnownFileType = wrapper.framework; name = CoreAudio.framework; path = /System/Library/Frameworks/CoreAudio.framework; sourceTree = "<absolute>"; };
		E45BE9760E8CC7DD009D7055 /* CoreFoundation.framework */ = {isa = PBXFileReference; lastKnownFileType = wrapper.framework; name = CoreFoundation.framework; path = /System/Library/Frameworks/CoreFoundation.framework; sourceTree = "<absolute>"; };
		E45BE9770E8CC7DD009D7055 /* CoreServices.framework */ = {isa = PBXFileReference; lastKnownFileType = wrapper.framework; name = CoreServices.framework; path = /System/Library/Frameworks/CoreServices.framework; sourceTree = "<absolute>"; };
		E45BE9790E8CC7DD009D7055 /* OpenGL.framework */ = {isa = PBXFileReference; lastKnownFileType = wrapper.framework; name = OpenGL.framework; path = /System/Library/Frameworks/OpenGL.framework; sourceTree = "<absolute>"; };
		E45BE97A0E8CC7DD009D7055 /* QuickTime.framework */ = {isa = PBXFileReference; lastKnownFileType = wrapper.framework; name = QuickTime.framework; path = /System/Library/Frameworks/QuickTime.framework; sourceTree = "<absolute>"; };
		E4B69B5B0A3A1756003C02F2 /* emptyExample.app */ = {isa = PBXFileReference; explicitFileType = wrapper.application; includeInIndex = 0; path = emptyExample.app; sourceTree = BUILT_PRODUCTS_DIR; };
		E4B69E1D0A3A1BDC003C02F2 /* main.cpp */ = {isa = PBXFileReference; fileEncoding = 30; lastKnownFileType = sourcecode.cpp.cpp; name = main.cpp; path = src/main.cpp; sourceTree = SOURCE_ROOT; };
		E4B69E1E0A3A1BDC003C02F2 /* testApp.cpp */ = {isa = PBXFileReference; explicitFileType = sourcecode.cpp.cpp; fileEncoding = 30; name = testApp.cpp; path = src/testApp.cpp; sourceTree = SOURCE_ROOT; };
		E4B69E1F0A3A1BDC003C02F2 /* testApp.h */ = {isa = PBXFileReference; fileEncoding = 30; lastKnownFileType = sourcecode.c.h; name = testApp.h; path = src/testApp.h; sourceTree = SOURCE_ROOT; };
		E4B6FCAD0C3E899E008CF71C /* openFrameworks-Info.plist */ = {isa = PBXFileReference; fileEncoding = 30; lastKnownFileType = text.plist.xml; path = "openFrameworks-Info.plist"; sourceTree = "<group>"; };
		E4C2421610CC549C004149E2 /* openFrameworksLib.xcodeproj */ = {isa = PBXFileReference; lastKnownFileType = "wrapper.pb-project"; name = openFrameworksLib.xcodeproj; path = ../../../libs/openFrameworksCompiled/project/osx/openFrameworksLib.xcodeproj; sourceTree = SOURCE_ROOT; };
		E4C2424410CC5A17004149E2 /* AppKit.framework */ = {isa = PBXFileReference; lastKnownFileType = wrapper.framework; name = AppKit.framework; path = /System/Library/Frameworks/AppKit.framework; sourceTree = "<absolute>"; };
		E4C2424510CC5A17004149E2 /* Cocoa.framework */ = {isa = PBXFileReference; lastKnownFileType = wrapper.framework; name = Cocoa.framework; path = /System/Library/Frameworks/Cocoa.framework; sourceTree = "<absolute>"; };
		E4C2424610CC5A17004149E2 /* IOKit.framework */ = {isa = PBXFileReference; lastKnownFileType = wrapper.framework; name = IOKit.framework; path = /System/Library/Frameworks/IOKit.framework; sourceTree = "<absolute>"; };
		E4C2425F10CC5A78004149E2 /* GLUT.framework */ = {isa = PBXFileReference; lastKnownFileType = wrapper.framework; name = GLUT.framework; path = ../../../libs/glut/lib/osx/GLUT.framework; sourceTree = SOURCE_ROOT; };
		FF2174C613C1E5A200B585A3 /* cairo-deprecated.h */ = {isa = PBXFileReference; fileEncoding = 4; lastKnownFileType = sourcecode.c.h; path = "cairo-deprecated.h"; sourceTree = "<group>"; };
		FF2174C713C1E5A200B585A3 /* cairo-features.h */ = {isa = PBXFileReference; fileEncoding = 4; lastKnownFileType = sourcecode.c.h; path = "cairo-features.h"; sourceTree = "<group>"; };
		FF2174C813C1E5A200B585A3 /* cairo-pdf.h */ = {isa = PBXFileReference; fileEncoding = 4; lastKnownFileType = sourcecode.c.h; path = "cairo-pdf.h"; sourceTree = "<group>"; };
		FF2174C913C1E5A200B585A3 /* cairo-ps.h */ = {isa = PBXFileReference; fileEncoding = 4; lastKnownFileType = sourcecode.c.h; path = "cairo-ps.h"; sourceTree = "<group>"; };
		FF2174CA13C1E5A200B585A3 /* cairo-quartz.h */ = {isa = PBXFileReference; fileEncoding = 4; lastKnownFileType = sourcecode.c.h; path = "cairo-quartz.h"; sourceTree = "<group>"; };
		FF2174CB13C1E5A200B585A3 /* cairo-script-interpreter.h */ = {isa = PBXFileReference; fileEncoding = 4; lastKnownFileType = sourcecode.c.h; path = "cairo-script-interpreter.h"; sourceTree = "<group>"; };
		FF2174CC13C1E5A200B585A3 /* cairo-svg.h */ = {isa = PBXFileReference; fileEncoding = 4; lastKnownFileType = sourcecode.c.h; path = "cairo-svg.h"; sourceTree = "<group>"; };
		FF2174CD13C1E5A200B585A3 /* cairo-version.h */ = {isa = PBXFileReference; fileEncoding = 4; lastKnownFileType = sourcecode.c.h; path = "cairo-version.h"; sourceTree = "<group>"; };
		FF2174CE13C1E5A200B585A3 /* cairo.h */ = {isa = PBXFileReference; fileEncoding = 4; lastKnownFileType = sourcecode.c.h; path = cairo.h; sourceTree = "<group>"; };
		FF2174D013C1E5A200B585A3 /* png.h */ = {isa = PBXFileReference; fileEncoding = 4; lastKnownFileType = sourcecode.c.h; path = png.h; sourceTree = "<group>"; };
		FF2174D113C1E5A200B585A3 /* pngconf.h */ = {isa = PBXFileReference; fileEncoding = 4; lastKnownFileType = sourcecode.c.h; path = pngconf.h; sourceTree = "<group>"; };
		FF2174D213C1E5A200B585A3 /* pnglibconf.h */ = {isa = PBXFileReference; fileEncoding = 4; lastKnownFileType = sourcecode.c.h; path = pnglibconf.h; sourceTree = "<group>"; };
		FF2174D413C1E5A200B585A3 /* pixman-version.h */ = {isa = PBXFileReference; fileEncoding = 4; lastKnownFileType = sourcecode.c.h; path = "pixman-version.h"; sourceTree = "<group>"; };
		FF2174D513C1E5A200B585A3 /* pixman.h */ = {isa = PBXFileReference; fileEncoding = 4; lastKnownFileType = sourcecode.c.h; path = pixman.h; sourceTree = "<group>"; };
		FF2174D613C1E5A200B585A3 /* png.h */ = {isa = PBXFileReference; fileEncoding = 4; lastKnownFileType = sourcecode.c.h; path = png.h; sourceTree = "<group>"; };
		FF2174D713C1E5A200B585A3 /* pngconf.h */ = {isa = PBXFileReference; fileEncoding = 4; lastKnownFileType = sourcecode.c.h; path = pngconf.h; sourceTree = "<group>"; };
		FF2174D813C1E5A200B585A3 /* pnglibconf.h */ = {isa = PBXFileReference; fileEncoding = 4; lastKnownFileType = sourcecode.c.h; path = pnglibconf.h; sourceTree = "<group>"; };
		FF2174DB13C1E5A200B585A3 /* cairo-script-interpreter.a */ = {isa = PBXFileReference; lastKnownFileType = archive.ar; path = "cairo-script-interpreter.a"; sourceTree = "<group>"; };
		FF2174DC13C1E5A200B585A3 /* cairo.a */ = {isa = PBXFileReference; lastKnownFileType = archive.ar; path = cairo.a; sourceTree = "<group>"; };
		FF2174DD13C1E5A200B585A3 /* pixman-1.a */ = {isa = PBXFileReference; lastKnownFileType = archive.ar; path = "pixman-1.a"; sourceTree = "<group>"; };
		FF2174EA13C1E5A200B585A3 /* glew.h */ = {isa = PBXFileReference; fileEncoding = 4; lastKnownFileType = sourcecode.c.h; path = glew.h; sourceTree = "<group>"; };
		FF2174EB13C1E5A200B585A3 /* glxew.h */ = {isa = PBXFileReference; fileEncoding = 4; lastKnownFileType = sourcecode.c.h; path = glxew.h; sourceTree = "<group>"; };
		FF2174EC13C1E5A200B585A3 /* wglew.h */ = {isa = PBXFileReference; fileEncoding = 4; lastKnownFileType = sourcecode.c.h; path = wglew.h; sourceTree = "<group>"; };
		FF2174EF13C1E5A200B585A3 /* glew.a */ = {isa = PBXFileReference; lastKnownFileType = archive.ar; path = glew.a; sourceTree = "<group>"; };
		FF21750513C1E5DC00B585A3 /* tesselator.h */ = {isa = PBXFileReference; fileEncoding = 4; lastKnownFileType = sourcecode.c.h; path = tesselator.h; sourceTree = "<group>"; };
		FF21751313C1E5DC00B585A3 /* tess2.a */ = {isa = PBXFileReference; lastKnownFileType = archive.ar; path = tess2.a; sourceTree = "<group>"; };
		FF88431C13C3505600394F05 /* install.xml */ = {isa = PBXFileReference; fileEncoding = 4; lastKnownFileType = text.xml; path = install.xml; sourceTree = "<group>"; };
		FF88431E13C3505600394F05 /* tinyxml.cpp */ = {isa = PBXFileReference; fileEncoding = 4; lastKnownFileType = sourcecode.cpp.cpp; path = tinyxml.cpp; sourceTree = "<group>"; };
		FF88431F13C3505600394F05 /* tinyxml.h */ = {isa = PBXFileReference; fileEncoding = 4; lastKnownFileType = sourcecode.c.h; path = tinyxml.h; sourceTree = "<group>"; };
		FF88432013C3505600394F05 /* tinyxmlerror.cpp */ = {isa = PBXFileReference; fileEncoding = 4; lastKnownFileType = sourcecode.cpp.cpp; path = tinyxmlerror.cpp; sourceTree = "<group>"; };
		FF88432113C3505600394F05 /* tinyxmlparser.cpp */ = {isa = PBXFileReference; fileEncoding = 4; lastKnownFileType = sourcecode.cpp.cpp; path = tinyxmlparser.cpp; sourceTree = "<group>"; };
		FF88432313C3505600394F05 /* ofxXmlSettings.cpp */ = {isa = PBXFileReference; fileEncoding = 4; lastKnownFileType = sourcecode.cpp.cpp; path = ofxXmlSettings.cpp; sourceTree = "<group>"; };
		FF88432413C3505600394F05 /* ofxXmlSettings.h */ = {isa = PBXFileReference; fileEncoding = 4; lastKnownFileType = sourcecode.c.h; path = ofxXmlSettings.h; sourceTree = "<group>"; };
		FF88432D13C3506400394F05 /* Instructions.txt */ = {isa = PBXFileReference; fileEncoding = 4; lastKnownFileType = text; path = Instructions.txt; sourceTree = "<group>"; };
		FF88432E13C3506400394F05 /* install.xml */ = {isa = PBXFileReference; fileEncoding = 4; lastKnownFileType = text.xml; path = install.xml; sourceTree = "<group>"; };
		FF88433013C3506400394F05 /* ofxNetwork.h */ = {isa = PBXFileReference; fileEncoding = 4; lastKnownFileType = sourcecode.c.h; path = ofxNetwork.h; sourceTree = "<group>"; };
		FF88433113C3506400394F05 /* ofxNetworkUtils.h */ = {isa = PBXFileReference; fileEncoding = 4; lastKnownFileType = sourcecode.c.h; path = ofxNetworkUtils.h; sourceTree = "<group>"; };
		FF88433213C3506400394F05 /* ofxTCPClient.cpp */ = {isa = PBXFileReference; fileEncoding = 4; lastKnownFileType = sourcecode.cpp.cpp; path = ofxTCPClient.cpp; sourceTree = "<group>"; };
		FF88433313C3506400394F05 /* ofxTCPClient.h */ = {isa = PBXFileReference; fileEncoding = 4; lastKnownFileType = sourcecode.c.h; path = ofxTCPClient.h; sourceTree = "<group>"; };
		FF88433413C3506400394F05 /* ofxTCPManager.cpp */ = {isa = PBXFileReference; fileEncoding = 4; lastKnownFileType = sourcecode.cpp.cpp; path = ofxTCPManager.cpp; sourceTree = "<group>"; };
		FF88433513C3506400394F05 /* ofxTCPManager.h */ = {isa = PBXFileReference; fileEncoding = 4; lastKnownFileType = sourcecode.c.h; path = ofxTCPManager.h; sourceTree = "<group>"; };
		FF88433613C3506400394F05 /* ofxTCPServer.cpp */ = {isa = PBXFileReference; fileEncoding = 4; lastKnownFileType = sourcecode.cpp.cpp; path = ofxTCPServer.cpp; sourceTree = "<group>"; };
		FF88433713C3506400394F05 /* ofxTCPServer.h */ = {isa = PBXFileReference; fileEncoding = 4; lastKnownFileType = sourcecode.c.h; path = ofxTCPServer.h; sourceTree = "<group>"; };
		FF88433813C3506400394F05 /* ofxUDPManager.cpp */ = {isa = PBXFileReference; fileEncoding = 4; lastKnownFileType = sourcecode.cpp.cpp; path = ofxUDPManager.cpp; sourceTree = "<group>"; };
		FF88433913C3506400394F05 /* ofxUDPManager.h */ = {isa = PBXFileReference; fileEncoding = 4; lastKnownFileType = sourcecode.c.h; path = ofxUDPManager.h; sourceTree = "<group>"; };
		FFA19D131472AD2D00E1386D /* ofxMemoryUsage.cpp */ = {isa = PBXFileReference; fileEncoding = 4; lastKnownFileType = sourcecode.cpp.cpp; path = ofxMemoryUsage.cpp; sourceTree = "<group>"; };
		FFA19D141472AD2D00E1386D /* ofxMemoryUsage.h */ = {isa = PBXFileReference; fileEncoding = 4; lastKnownFileType = sourcecode.c.h; path = ofxMemoryUsage.h; sourceTree = "<group>"; };
		FFE2759513F1209500790E13 /* cv.h */ = {isa = PBXFileReference; fileEncoding = 4; lastKnownFileType = sourcecode.c.h; path = cv.h; sourceTree = "<group>"; };
		FFE2759613F1209500790E13 /* cv.hpp */ = {isa = PBXFileReference; fileEncoding = 4; lastKnownFileType = sourcecode.cpp.h; path = cv.hpp; sourceTree = "<group>"; };
		FFE2759713F1209500790E13 /* cvaux.h */ = {isa = PBXFileReference; fileEncoding = 4; lastKnownFileType = sourcecode.c.h; path = cvaux.h; sourceTree = "<group>"; };
		FFE2759813F1209500790E13 /* cvaux.hpp */ = {isa = PBXFileReference; fileEncoding = 4; lastKnownFileType = sourcecode.cpp.h; path = cvaux.hpp; sourceTree = "<group>"; };
		FFE2759913F1209500790E13 /* cvwimage.h */ = {isa = PBXFileReference; fileEncoding = 4; lastKnownFileType = sourcecode.c.h; path = cvwimage.h; sourceTree = "<group>"; };
		FFE2759A13F1209500790E13 /* cxcore.h */ = {isa = PBXFileReference; fileEncoding = 4; lastKnownFileType = sourcecode.c.h; path = cxcore.h; sourceTree = "<group>"; };
		FFE2759B13F1209500790E13 /* cxcore.hpp */ = {isa = PBXFileReference; fileEncoding = 4; lastKnownFileType = sourcecode.cpp.h; path = cxcore.hpp; sourceTree = "<group>"; };
		FFE2759C13F1209500790E13 /* cxeigen.hpp */ = {isa = PBXFileReference; fileEncoding = 4; lastKnownFileType = sourcecode.cpp.h; path = cxeigen.hpp; sourceTree = "<group>"; };
		FFE2759D13F1209500790E13 /* cxmisc.h */ = {isa = PBXFileReference; fileEncoding = 4; lastKnownFileType = sourcecode.c.h; path = cxmisc.h; sourceTree = "<group>"; };
		FFE2759E13F1209500790E13 /* highgui.h */ = {isa = PBXFileReference; fileEncoding = 4; lastKnownFileType = sourcecode.c.h; path = highgui.h; sourceTree = "<group>"; };
		FFE2759F13F1209500790E13 /* ml.h */ = {isa = PBXFileReference; fileEncoding = 4; lastKnownFileType = sourcecode.c.h; path = ml.h; sourceTree = "<group>"; };
		FFE275A213F1209500790E13 /* calib3d.hpp */ = {isa = PBXFileReference; fileEncoding = 4; lastKnownFileType = sourcecode.cpp.h; path = calib3d.hpp; sourceTree = "<group>"; };
		FFE275A413F1209500790E13 /* contrib.hpp */ = {isa = PBXFileReference; fileEncoding = 4; lastKnownFileType = sourcecode.cpp.h; path = contrib.hpp; sourceTree = "<group>"; };
		FFE275A613F1209500790E13 /* core.hpp */ = {isa = PBXFileReference; fileEncoding = 4; lastKnownFileType = sourcecode.cpp.h; path = core.hpp; sourceTree = "<group>"; };
		FFE275A713F1209500790E13 /* core_c.h */ = {isa = PBXFileReference; fileEncoding = 4; lastKnownFileType = sourcecode.c.h; path = core_c.h; sourceTree = "<group>"; };
		FFE275A813F1209500790E13 /* eigen.hpp */ = {isa = PBXFileReference; fileEncoding = 4; lastKnownFileType = sourcecode.cpp.h; path = eigen.hpp; sourceTree = "<group>"; };
		FFE275A913F1209500790E13 /* internal.hpp */ = {isa = PBXFileReference; fileEncoding = 4; lastKnownFileType = sourcecode.cpp.h; path = internal.hpp; sourceTree = "<group>"; };
		FFE275AA13F1209500790E13 /* mat.hpp */ = {isa = PBXFileReference; fileEncoding = 4; lastKnownFileType = sourcecode.cpp.h; path = mat.hpp; sourceTree = "<group>"; };
		FFE275AB13F1209500790E13 /* operations.hpp */ = {isa = PBXFileReference; fileEncoding = 4; lastKnownFileType = sourcecode.cpp.h; path = operations.hpp; sourceTree = "<group>"; };
		FFE275AC13F1209500790E13 /* types_c.h */ = {isa = PBXFileReference; fileEncoding = 4; lastKnownFileType = sourcecode.c.h; path = types_c.h; sourceTree = "<group>"; };
		FFE275AD13F1209500790E13 /* version.hpp */ = {isa = PBXFileReference; fileEncoding = 4; lastKnownFileType = sourcecode.cpp.h; path = version.hpp; sourceTree = "<group>"; };
		FFE275AE13F1209500790E13 /* wimage.hpp */ = {isa = PBXFileReference; fileEncoding = 4; lastKnownFileType = sourcecode.cpp.h; path = wimage.hpp; sourceTree = "<group>"; };
		FFE275B013F1209500790E13 /* features2d.hpp */ = {isa = PBXFileReference; fileEncoding = 4; lastKnownFileType = sourcecode.cpp.h; path = features2d.hpp; sourceTree = "<group>"; };
		FFE275B213F1209500790E13 /* all_indices.h */ = {isa = PBXFileReference; fileEncoding = 4; lastKnownFileType = sourcecode.c.h; path = all_indices.h; sourceTree = "<group>"; };
		FFE275B313F1209500790E13 /* allocator.h */ = {isa = PBXFileReference; fileEncoding = 4; lastKnownFileType = sourcecode.c.h; path = allocator.h; sourceTree = "<group>"; };
		FFE275B413F1209500790E13 /* autotuned_index.h */ = {isa = PBXFileReference; fileEncoding = 4; lastKnownFileType = sourcecode.c.h; path = autotuned_index.h; sourceTree = "<group>"; };
		FFE275B513F1209500790E13 /* composite_index.h */ = {isa = PBXFileReference; fileEncoding = 4; lastKnownFileType = sourcecode.c.h; path = composite_index.h; sourceTree = "<group>"; };
		FFE275B613F1209500790E13 /* dist.h */ = {isa = PBXFileReference; fileEncoding = 4; lastKnownFileType = sourcecode.c.h; path = dist.h; sourceTree = "<group>"; };
		FFE275B713F1209500790E13 /* flann.hpp */ = {isa = PBXFileReference; fileEncoding = 4; lastKnownFileType = sourcecode.cpp.h; path = flann.hpp; sourceTree = "<group>"; };
		FFE275B813F1209500790E13 /* flann_base.hpp */ = {isa = PBXFileReference; fileEncoding = 4; lastKnownFileType = sourcecode.cpp.h; path = flann_base.hpp; sourceTree = "<group>"; };
		FFE275B913F1209500790E13 /* general.h */ = {isa = PBXFileReference; fileEncoding = 4; lastKnownFileType = sourcecode.c.h; path = general.h; sourceTree = "<group>"; };
		FFE275BA13F1209500790E13 /* ground_truth.h */ = {isa = PBXFileReference; fileEncoding = 4; lastKnownFileType = sourcecode.c.h; path = ground_truth.h; sourceTree = "<group>"; };
		FFE275BB13F1209500790E13 /* hdf5.h */ = {isa = PBXFileReference; fileEncoding = 4; lastKnownFileType = sourcecode.c.h; path = hdf5.h; sourceTree = "<group>"; };
		FFE275BC13F1209500790E13 /* heap.h */ = {isa = PBXFileReference; fileEncoding = 4; lastKnownFileType = sourcecode.c.h; path = heap.h; sourceTree = "<group>"; };
		FFE275BD13F1209500790E13 /* index_testing.h */ = {isa = PBXFileReference; fileEncoding = 4; lastKnownFileType = sourcecode.c.h; path = index_testing.h; sourceTree = "<group>"; };
		FFE275BE13F1209500790E13 /* kdtree_index.h */ = {isa = PBXFileReference; fileEncoding = 4; lastKnownFileType = sourcecode.c.h; path = kdtree_index.h; sourceTree = "<group>"; };
		FFE275BF13F1209500790E13 /* kmeans_index.h */ = {isa = PBXFileReference; fileEncoding = 4; lastKnownFileType = sourcecode.c.h; path = kmeans_index.h; sourceTree = "<group>"; };
		FFE275C013F1209500790E13 /* linear_index.h */ = {isa = PBXFileReference; fileEncoding = 4; lastKnownFileType = sourcecode.c.h; path = linear_index.h; sourceTree = "<group>"; };
		FFE275C113F1209500790E13 /* logger.h */ = {isa = PBXFileReference; fileEncoding = 4; lastKnownFileType = sourcecode.c.h; path = logger.h; sourceTree = "<group>"; };
		FFE275C213F1209500790E13 /* matrix.h */ = {isa = PBXFileReference; fileEncoding = 4; lastKnownFileType = sourcecode.c.h; path = matrix.h; sourceTree = "<group>"; };
		FFE275C313F1209500790E13 /* nn_index.h */ = {isa = PBXFileReference; fileEncoding = 4; lastKnownFileType = sourcecode.c.h; path = nn_index.h; sourceTree = "<group>"; };
		FFE275C413F1209500790E13 /* object_factory.h */ = {isa = PBXFileReference; fileEncoding = 4; lastKnownFileType = sourcecode.c.h; path = object_factory.h; sourceTree = "<group>"; };
		FFE275C513F1209500790E13 /* random.h */ = {isa = PBXFileReference; fileEncoding = 4; lastKnownFileType = sourcecode.c.h; path = random.h; sourceTree = "<group>"; };
		FFE275C613F1209500790E13 /* result_set.h */ = {isa = PBXFileReference; fileEncoding = 4; lastKnownFileType = sourcecode.c.h; path = result_set.h; sourceTree = "<group>"; };
		FFE275C713F1209500790E13 /* sampling.h */ = {isa = PBXFileReference; fileEncoding = 4; lastKnownFileType = sourcecode.c.h; path = sampling.h; sourceTree = "<group>"; };
		FFE275C813F1209500790E13 /* saving.h */ = {isa = PBXFileReference; fileEncoding = 4; lastKnownFileType = sourcecode.c.h; path = saving.h; sourceTree = "<group>"; };
		FFE275C913F1209500790E13 /* simplex_downhill.h */ = {isa = PBXFileReference; fileEncoding = 4; lastKnownFileType = sourcecode.c.h; path = simplex_downhill.h; sourceTree = "<group>"; };
		FFE275CA13F1209500790E13 /* timer.h */ = {isa = PBXFileReference; fileEncoding = 4; lastKnownFileType = sourcecode.c.h; path = timer.h; sourceTree = "<group>"; };
		FFE275CC13F1209500790E13 /* devmem2d.hpp */ = {isa = PBXFileReference; fileEncoding = 4; lastKnownFileType = sourcecode.cpp.h; path = devmem2d.hpp; sourceTree = "<group>"; };
		FFE275CD13F1209500790E13 /* gpu.hpp */ = {isa = PBXFileReference; fileEncoding = 4; lastKnownFileType = sourcecode.cpp.h; path = gpu.hpp; sourceTree = "<group>"; };
		FFE275CE13F1209500790E13 /* matrix_operations.hpp */ = {isa = PBXFileReference; fileEncoding = 4; lastKnownFileType = sourcecode.cpp.h; path = matrix_operations.hpp; sourceTree = "<group>"; };
		FFE275CF13F1209500790E13 /* stream_accessor.hpp */ = {isa = PBXFileReference; fileEncoding = 4; lastKnownFileType = sourcecode.cpp.h; path = stream_accessor.hpp; sourceTree = "<group>"; };
		FFE275D113F1209500790E13 /* highgui.hpp */ = {isa = PBXFileReference; fileEncoding = 4; lastKnownFileType = sourcecode.cpp.h; path = highgui.hpp; sourceTree = "<group>"; };
		FFE275D213F1209500790E13 /* highgui_c.h */ = {isa = PBXFileReference; fileEncoding = 4; lastKnownFileType = sourcecode.c.h; path = highgui_c.h; sourceTree = "<group>"; };
		FFE275D413F1209500790E13 /* imgproc.hpp */ = {isa = PBXFileReference; fileEncoding = 4; lastKnownFileType = sourcecode.cpp.h; path = imgproc.hpp; sourceTree = "<group>"; };
		FFE275D513F1209500790E13 /* imgproc_c.h */ = {isa = PBXFileReference; fileEncoding = 4; lastKnownFileType = sourcecode.c.h; path = imgproc_c.h; sourceTree = "<group>"; };
		FFE275D613F1209500790E13 /* types_c.h */ = {isa = PBXFileReference; fileEncoding = 4; lastKnownFileType = sourcecode.c.h; path = types_c.h; sourceTree = "<group>"; };
		FFE275D813F1209500790E13 /* blobtrack.hpp */ = {isa = PBXFileReference; fileEncoding = 4; lastKnownFileType = sourcecode.cpp.h; path = blobtrack.hpp; sourceTree = "<group>"; };
		FFE275D913F1209500790E13 /* compat.hpp */ = {isa = PBXFileReference; fileEncoding = 4; lastKnownFileType = sourcecode.cpp.h; path = compat.hpp; sourceTree = "<group>"; };
		FFE275DA13F1209500790E13 /* legacy.hpp */ = {isa = PBXFileReference; fileEncoding = 4; lastKnownFileType = sourcecode.cpp.h; path = legacy.hpp; sourceTree = "<group>"; };
		FFE275DB13F1209500790E13 /* streams.hpp */ = {isa = PBXFileReference; fileEncoding = 4; lastKnownFileType = sourcecode.cpp.h; path = streams.hpp; sourceTree = "<group>"; };
		FFE275DD13F1209500790E13 /* ml.hpp */ = {isa = PBXFileReference; fileEncoding = 4; lastKnownFileType = sourcecode.cpp.h; path = ml.hpp; sourceTree = "<group>"; };
		FFE275DF13F1209500790E13 /* objdetect.hpp */ = {isa = PBXFileReference; fileEncoding = 4; lastKnownFileType = sourcecode.cpp.h; path = objdetect.hpp; sourceTree = "<group>"; };
		FFE275E013F1209500790E13 /* opencv.hpp */ = {isa = PBXFileReference; fileEncoding = 4; lastKnownFileType = sourcecode.cpp.h; path = opencv.hpp; sourceTree = "<group>"; };
		FFE275E213F1209500790E13 /* background_segm.hpp */ = {isa = PBXFileReference; fileEncoding = 4; lastKnownFileType = sourcecode.cpp.h; path = background_segm.hpp; sourceTree = "<group>"; };
		FFE275E313F1209500790E13 /* tracking.hpp */ = {isa = PBXFileReference; fileEncoding = 4; lastKnownFileType = sourcecode.cpp.h; path = tracking.hpp; sourceTree = "<group>"; };
		FFE275E613F1209500790E13 /* opencv.a */ = {isa = PBXFileReference; lastKnownFileType = archive.ar; path = opencv.a; sourceTree = "<group>"; };
		FFE275E813F1209500790E13 /* ofxCvBlob.h */ = {isa = PBXFileReference; fileEncoding = 4; lastKnownFileType = sourcecode.c.h; path = ofxCvBlob.h; sourceTree = "<group>"; };
		FFE275E913F1209500790E13 /* ofxCvColorImage.cpp */ = {isa = PBXFileReference; fileEncoding = 4; lastKnownFileType = sourcecode.cpp.cpp; path = ofxCvColorImage.cpp; sourceTree = "<group>"; };
		FFE275EA13F1209500790E13 /* ofxCvColorImage.h */ = {isa = PBXFileReference; fileEncoding = 4; lastKnownFileType = sourcecode.c.h; path = ofxCvColorImage.h; sourceTree = "<group>"; };
		FFE275EB13F1209500790E13 /* ofxCvConstants.h */ = {isa = PBXFileReference; fileEncoding = 4; lastKnownFileType = sourcecode.c.h; path = ofxCvConstants.h; sourceTree = "<group>"; };
		FFE275EC13F1209500790E13 /* ofxCvContourFinder.cpp */ = {isa = PBXFileReference; fileEncoding = 4; lastKnownFileType = sourcecode.cpp.cpp; path = ofxCvContourFinder.cpp; sourceTree = "<group>"; };
		FFE275ED13F1209500790E13 /* ofxCvContourFinder.h */ = {isa = PBXFileReference; fileEncoding = 4; lastKnownFileType = sourcecode.c.h; path = ofxCvContourFinder.h; sourceTree = "<group>"; };
		FFE275EE13F1209500790E13 /* ofxCvFloatImage.cpp */ = {isa = PBXFileReference; fileEncoding = 4; lastKnownFileType = sourcecode.cpp.cpp; path = ofxCvFloatImage.cpp; sourceTree = "<group>"; };
		FFE275EF13F1209500790E13 /* ofxCvFloatImage.h */ = {isa = PBXFileReference; fileEncoding = 4; lastKnownFileType = sourcecode.c.h; path = ofxCvFloatImage.h; sourceTree = "<group>"; };
		FFE275F013F1209500790E13 /* ofxCvGrayscaleImage.cpp */ = {isa = PBXFileReference; fileEncoding = 4; lastKnownFileType = sourcecode.cpp.cpp; path = ofxCvGrayscaleImage.cpp; sourceTree = "<group>"; };
		FFE275F113F1209500790E13 /* ofxCvGrayscaleImage.h */ = {isa = PBXFileReference; fileEncoding = 4; lastKnownFileType = sourcecode.c.h; path = ofxCvGrayscaleImage.h; sourceTree = "<group>"; };
		FFE275F213F1209500790E13 /* ofxCvHaarFinder.cpp */ = {isa = PBXFileReference; fileEncoding = 4; lastKnownFileType = sourcecode.cpp.cpp; path = ofxCvHaarFinder.cpp; sourceTree = "<group>"; };
		FFE275F313F1209500790E13 /* ofxCvHaarFinder.h */ = {isa = PBXFileReference; fileEncoding = 4; lastKnownFileType = sourcecode.c.h; path = ofxCvHaarFinder.h; sourceTree = "<group>"; };
		FFE275F413F1209500790E13 /* ofxCvImage.cpp */ = {isa = PBXFileReference; fileEncoding = 4; lastKnownFileType = sourcecode.cpp.cpp; path = ofxCvImage.cpp; sourceTree = "<group>"; };
		FFE275F513F1209500790E13 /* ofxCvImage.h */ = {isa = PBXFileReference; fileEncoding = 4; lastKnownFileType = sourcecode.c.h; path = ofxCvImage.h; sourceTree = "<group>"; };
		FFE275F613F1209500790E13 /* ofxCvMain.h */ = {isa = PBXFileReference; fileEncoding = 4; lastKnownFileType = sourcecode.c.h; path = ofxCvMain.h; sourceTree = "<group>"; };
		FFE275F713F1209500790E13 /* ofxCvShortImage.cpp */ = {isa = PBXFileReference; fileEncoding = 4; lastKnownFileType = sourcecode.cpp.cpp; path = ofxCvShortImage.cpp; sourceTree = "<group>"; };
		FFE275F813F1209500790E13 /* ofxCvShortImage.h */ = {isa = PBXFileReference; fileEncoding = 4; lastKnownFileType = sourcecode.c.h; path = ofxCvShortImage.h; sourceTree = "<group>"; };
		FFE275F913F1209500790E13 /* ofxOpenCv.h */ = {isa = PBXFileReference; fileEncoding = 4; lastKnownFileType = sourcecode.c.h; path = ofxOpenCv.h; sourceTree = "<group>"; };
/* End PBXFileReference section */

/* Begin PBXFrameworksBuildPhase section */
		E4B69B590A3A1756003C02F2 /* Frameworks */ = {
			isa = PBXFrameworksBuildPhase;
			buildActionMask = 2147483647;
			files = (
				E4C2422B10CC554B004149E2 /* openFrameworks.a in Frameworks */,
				E45BE97B0E8CC7DD009D7055 /* AGL.framework in Frameworks */,
				E45BE97C0E8CC7DD009D7055 /* ApplicationServices.framework in Frameworks */,
				E45BE97D0E8CC7DD009D7055 /* AudioToolbox.framework in Frameworks */,
				E45BE97E0E8CC7DD009D7055 /* Carbon.framework in Frameworks */,
				E45BE97F0E8CC7DD009D7055 /* CoreAudio.framework in Frameworks */,
				E45BE9800E8CC7DD009D7055 /* CoreFoundation.framework in Frameworks */,
				E45BE9810E8CC7DD009D7055 /* CoreServices.framework in Frameworks */,
				E45BE9830E8CC7DD009D7055 /* OpenGL.framework in Frameworks */,
				E45BE9840E8CC7DD009D7055 /* QuickTime.framework in Frameworks */,
				E4C2424710CC5A17004149E2 /* AppKit.framework in Frameworks */,
				E4C2424810CC5A17004149E2 /* Cocoa.framework in Frameworks */,
				E4C2424910CC5A17004149E2 /* IOKit.framework in Frameworks */,
				E4C2426610CC5A78004149E2 /* GLUT.framework in Frameworks */,
				FF2174F413C1E5A200B585A3 /* cairo-script-interpreter.a in Frameworks */,
				FF2174F513C1E5A200B585A3 /* cairo.a in Frameworks */,
				FF2174F613C1E5A200B585A3 /* pixman-1.a in Frameworks */,
				FF2174FE13C1E5A300B585A3 /* glew.a in Frameworks */,
				FF21752C13C1E5DD00B585A3 /* tess2.a in Frameworks */,
				FFE275FA13F1209500790E13 /* opencv.a in Frameworks */,
			);
			runOnlyForDeploymentPostprocessing = 0;
		};
/* End PBXFrameworksBuildPhase section */

/* Begin PBXGroup section */
		BB4B014C10F69532006C3DED /* addons */ = {
			isa = PBXGroup;
			children = (
				FFA19C661472AD2D00E1386D /* ofxMemoryUsage */,
				FFE2758F13F1209500790E13 /* ofxOpenCv */,
				FF88432B13C3506400394F05 /* ofxNetwork */,
				FF88431B13C3505600394F05 /* ofxXmlSettings */,
			);
			name = addons;
			sourceTree = "<group>";
		};
		E45BE5980E8CC70C009D7055 /* frameworks */ = {
			isa = PBXGroup;
			children = (
				E4C2425F10CC5A78004149E2 /* GLUT.framework */,
				E4C2424410CC5A17004149E2 /* AppKit.framework */,
				E4C2424510CC5A17004149E2 /* Cocoa.framework */,
				E4C2424610CC5A17004149E2 /* IOKit.framework */,
				E45BE9710E8CC7DD009D7055 /* AGL.framework */,
				E45BE9720E8CC7DD009D7055 /* ApplicationServices.framework */,
				E45BE9730E8CC7DD009D7055 /* AudioToolbox.framework */,
				E45BE9740E8CC7DD009D7055 /* Carbon.framework */,
				E45BE9750E8CC7DD009D7055 /* CoreAudio.framework */,
				E45BE9760E8CC7DD009D7055 /* CoreFoundation.framework */,
				E45BE9770E8CC7DD009D7055 /* CoreServices.framework */,
				E45BE9790E8CC7DD009D7055 /* OpenGL.framework */,
				E45BE97A0E8CC7DD009D7055 /* QuickTime.framework */,
			);
			name = frameworks;
			sourceTree = "<group>";
		};
		E4B69B4A0A3A1720003C02F2 = {
			isa = PBXGroup;
			children = (
				E4B6FCAD0C3E899E008CF71C /* openFrameworks-Info.plist */,
				E4B69B5B0A3A1756003C02F2 /* emptyExample.app */,
				E4B69E1C0A3A1BDC003C02F2 /* src */,
				E4C2422310CC54B6004149E2 /* openFrameworks */,
				BB4B014C10F69532006C3DED /* addons */,
				E45BE5980E8CC70C009D7055 /* frameworks */,
			);
			sourceTree = "<group>";
		};
		E4B69E1C0A3A1BDC003C02F2 /* src */ = {
			isa = PBXGroup;
			children = (
				E4B69E1D0A3A1BDC003C02F2 /* main.cpp */,
				E4B69E1E0A3A1BDC003C02F2 /* testApp.cpp */,
				E4B69E1F0A3A1BDC003C02F2 /* testApp.h */,
			);
			path = src;
			sourceTree = SOURCE_ROOT;
		};
		E4C2421710CC549C004149E2 /* Products */ = {
			isa = PBXGroup;
			children = (
				E4C2421E10CC549C004149E2 /* openFrameworks.a */,
			);
			name = Products;
			sourceTree = "<group>";
		};
		E4C2422310CC54B6004149E2 /* openFrameworks */ = {
			isa = PBXGroup;
			children = (
				FF21750313C1E5DC00B585A3 /* tess2 */,
				FF2174C313C1E5A200B585A3 /* cairo */,
				FF2174E713C1E5A200B585A3 /* glew */,
				E4C2421610CC549C004149E2 /* openFrameworksLib.xcodeproj */,
			);
			name = openFrameworks;
			sourceTree = "<group>";
		};
		FF2174C313C1E5A200B585A3 /* cairo */ = {
			isa = PBXGroup;
			children = (
				FF2174C413C1E5A200B585A3 /* include */,
				FF2174D913C1E5A200B585A3 /* lib */,
			);
			name = cairo;
			path = ../../../libs/cairo;
			sourceTree = SOURCE_ROOT;
		};
		FF2174C413C1E5A200B585A3 /* include */ = {
			isa = PBXGroup;
			children = (
				FF2174C513C1E5A200B585A3 /* cairo */,
				FF2174CF13C1E5A200B585A3 /* libpng15 */,
				FF2174D313C1E5A200B585A3 /* pixman-1 */,
				FF2174D613C1E5A200B585A3 /* png.h */,
				FF2174D713C1E5A200B585A3 /* pngconf.h */,
				FF2174D813C1E5A200B585A3 /* pnglibconf.h */,
			);
			path = include;
			sourceTree = "<group>";
		};
		FF2174C513C1E5A200B585A3 /* cairo */ = {
			isa = PBXGroup;
			children = (
				FF2174C613C1E5A200B585A3 /* cairo-deprecated.h */,
				FF2174C713C1E5A200B585A3 /* cairo-features.h */,
				FF2174C813C1E5A200B585A3 /* cairo-pdf.h */,
				FF2174C913C1E5A200B585A3 /* cairo-ps.h */,
				FF2174CA13C1E5A200B585A3 /* cairo-quartz.h */,
				FF2174CB13C1E5A200B585A3 /* cairo-script-interpreter.h */,
				FF2174CC13C1E5A200B585A3 /* cairo-svg.h */,
				FF2174CD13C1E5A200B585A3 /* cairo-version.h */,
				FF2174CE13C1E5A200B585A3 /* cairo.h */,
			);
			path = cairo;
			sourceTree = "<group>";
		};
		FF2174CF13C1E5A200B585A3 /* libpng15 */ = {
			isa = PBXGroup;
			children = (
				FF2174D013C1E5A200B585A3 /* png.h */,
				FF2174D113C1E5A200B585A3 /* pngconf.h */,
				FF2174D213C1E5A200B585A3 /* pnglibconf.h */,
			);
			path = libpng15;
			sourceTree = "<group>";
		};
		FF2174D313C1E5A200B585A3 /* pixman-1 */ = {
			isa = PBXGroup;
			children = (
				FF2174D413C1E5A200B585A3 /* pixman-version.h */,
				FF2174D513C1E5A200B585A3 /* pixman.h */,
			);
			path = "pixman-1";
			sourceTree = "<group>";
		};
		FF2174D913C1E5A200B585A3 /* lib */ = {
			isa = PBXGroup;
			children = (
				FF2174DA13C1E5A200B585A3 /* osx */,
			);
			path = lib;
			sourceTree = "<group>";
		};
		FF2174DA13C1E5A200B585A3 /* osx */ = {
			isa = PBXGroup;
			children = (
				FF2174DB13C1E5A200B585A3 /* cairo-script-interpreter.a */,
				FF2174DC13C1E5A200B585A3 /* cairo.a */,
				FF2174DD13C1E5A200B585A3 /* pixman-1.a */,
			);
			path = osx;
			sourceTree = "<group>";
		};
		FF2174E713C1E5A200B585A3 /* glew */ = {
			isa = PBXGroup;
			children = (
				FF2174E813C1E5A200B585A3 /* include */,
				FF2174ED13C1E5A200B585A3 /* lib */,
			);
			name = glew;
			path = ../../../libs/glew;
			sourceTree = SOURCE_ROOT;
		};
		FF2174E813C1E5A200B585A3 /* include */ = {
			isa = PBXGroup;
			children = (
				FF2174E913C1E5A200B585A3 /* GL */,
			);
			path = include;
			sourceTree = "<group>";
		};
		FF2174E913C1E5A200B585A3 /* GL */ = {
			isa = PBXGroup;
			children = (
				FF2174EA13C1E5A200B585A3 /* glew.h */,
				FF2174EB13C1E5A200B585A3 /* glxew.h */,
				FF2174EC13C1E5A200B585A3 /* wglew.h */,
			);
			path = GL;
			sourceTree = "<group>";
		};
		FF2174ED13C1E5A200B585A3 /* lib */ = {
			isa = PBXGroup;
			children = (
				FF2174EE13C1E5A200B585A3 /* osx */,
			);
			path = lib;
			sourceTree = "<group>";
		};
		FF2174EE13C1E5A200B585A3 /* osx */ = {
			isa = PBXGroup;
			children = (
				FF2174EF13C1E5A200B585A3 /* glew.a */,
			);
			path = osx;
			sourceTree = "<group>";
		};
		FF21750313C1E5DC00B585A3 /* tess2 */ = {
			isa = PBXGroup;
			children = (
				FF21750413C1E5DC00B585A3 /* include */,
				FF21750613C1E5DC00B585A3 /* lib */,
			);
			name = tess2;
			path = ../../../libs/tess2;
			sourceTree = SOURCE_ROOT;
		};
		FF21750413C1E5DC00B585A3 /* include */ = {
			isa = PBXGroup;
			children = (
				FF21750513C1E5DC00B585A3 /* tesselator.h */,
			);
			path = include;
			sourceTree = "<group>";
		};
		FF21750613C1E5DC00B585A3 /* lib */ = {
			isa = PBXGroup;
			children = (
				FF21751213C1E5DC00B585A3 /* osx */,
			);
			path = lib;
			sourceTree = "<group>";
		};
		FF21751213C1E5DC00B585A3 /* osx */ = {
			isa = PBXGroup;
			children = (
				FF21751313C1E5DC00B585A3 /* tess2.a */,
			);
			path = osx;
			sourceTree = "<group>";
		};
		FF88431B13C3505600394F05 /* ofxXmlSettings */ = {
			isa = PBXGroup;
			children = (
				FF88431C13C3505600394F05 /* install.xml */,
				FF88431D13C3505600394F05 /* libs */,
				FF88432213C3505600394F05 /* src */,
			);
			name = ofxXmlSettings;
			path = ../../../addons/ofxXmlSettings;
			sourceTree = SOURCE_ROOT;
		};
		FF88431D13C3505600394F05 /* libs */ = {
			isa = PBXGroup;
			children = (
				FF88431E13C3505600394F05 /* tinyxml.cpp */,
				FF88431F13C3505600394F05 /* tinyxml.h */,
				FF88432013C3505600394F05 /* tinyxmlerror.cpp */,
				FF88432113C3505600394F05 /* tinyxmlparser.cpp */,
			);
			path = libs;
			sourceTree = "<group>";
		};
		FF88432213C3505600394F05 /* src */ = {
			isa = PBXGroup;
			children = (
				FF88432313C3505600394F05 /* ofxXmlSettings.cpp */,
				FF88432413C3505600394F05 /* ofxXmlSettings.h */,
			);
			path = src;
			sourceTree = "<group>";
		};
		FF88432B13C3506400394F05 /* ofxNetwork */ = {
			isa = PBXGroup;
			children = (
				FF88432C13C3506400394F05 /* docs */,
				FF88432E13C3506400394F05 /* install.xml */,
				FF88432F13C3506400394F05 /* src */,
			);
			name = ofxNetwork;
			path = ../../../addons/ofxNetwork;
			sourceTree = SOURCE_ROOT;
		};
		FF88432C13C3506400394F05 /* docs */ = {
			isa = PBXGroup;
			children = (
				FF88432D13C3506400394F05 /* Instructions.txt */,
			);
			path = docs;
			sourceTree = "<group>";
		};
		FF88432F13C3506400394F05 /* src */ = {
			isa = PBXGroup;
			children = (
				FF88433013C3506400394F05 /* ofxNetwork.h */,
				FF88433113C3506400394F05 /* ofxNetworkUtils.h */,
				FF88433213C3506400394F05 /* ofxTCPClient.cpp */,
				FF88433313C3506400394F05 /* ofxTCPClient.h */,
				FF88433413C3506400394F05 /* ofxTCPManager.cpp */,
				FF88433513C3506400394F05 /* ofxTCPManager.h */,
				FF88433613C3506400394F05 /* ofxTCPServer.cpp */,
				FF88433713C3506400394F05 /* ofxTCPServer.h */,
				FF88433813C3506400394F05 /* ofxUDPManager.cpp */,
				FF88433913C3506400394F05 /* ofxUDPManager.h */,
			);
			path = src;
			sourceTree = "<group>";
		};
		FFA19C661472AD2D00E1386D /* ofxMemoryUsage */ = {
			isa = PBXGroup;
			children = (
				FFA19D121472AD2D00E1386D /* src */,
			);
			name = ofxMemoryUsage;
			path = ../../../addons/ofxMemoryUsage/ofxMemoryUsage;
			sourceTree = SOURCE_ROOT;
		};
		FFA19D121472AD2D00E1386D /* src */ = {
			isa = PBXGroup;
			children = (
				FFA19D131472AD2D00E1386D /* ofxMemoryUsage.cpp */,
				FFA19D141472AD2D00E1386D /* ofxMemoryUsage.h */,
			);
			path = src;
			sourceTree = "<group>";
		};
		FFE2758F13F1209500790E13 /* ofxOpenCv */ = {
			isa = PBXGroup;
			children = (
				FFE2759113F1209500790E13 /* libs */,
				FFE275E713F1209500790E13 /* src */,
			);
			name = ofxOpenCv;
			path = ../../../addons/ofxOpenCv;
			sourceTree = SOURCE_ROOT;
		};
		FFE2759113F1209500790E13 /* libs */ = {
			isa = PBXGroup;
			children = (
				FFE2759213F1209500790E13 /* opencv */,
			);
			path = libs;
			sourceTree = "<group>";
		};
		FFE2759213F1209500790E13 /* opencv */ = {
			isa = PBXGroup;
			children = (
				FFE2759313F1209500790E13 /* include */,
				FFE275E413F1209500790E13 /* lib */,
			);
			path = opencv;
			sourceTree = "<group>";
		};
		FFE2759313F1209500790E13 /* include */ = {
			isa = PBXGroup;
			children = (
				FFE2759413F1209500790E13 /* opencv */,
				FFE275A013F1209500790E13 /* opencv2 */,
			);
			path = include;
			sourceTree = "<group>";
		};
		FFE2759413F1209500790E13 /* opencv */ = {
			isa = PBXGroup;
			children = (
				FFE2759513F1209500790E13 /* cv.h */,
				FFE2759613F1209500790E13 /* cv.hpp */,
				FFE2759713F1209500790E13 /* cvaux.h */,
				FFE2759813F1209500790E13 /* cvaux.hpp */,
				FFE2759913F1209500790E13 /* cvwimage.h */,
				FFE2759A13F1209500790E13 /* cxcore.h */,
				FFE2759B13F1209500790E13 /* cxcore.hpp */,
				FFE2759C13F1209500790E13 /* cxeigen.hpp */,
				FFE2759D13F1209500790E13 /* cxmisc.h */,
				FFE2759E13F1209500790E13 /* highgui.h */,
				FFE2759F13F1209500790E13 /* ml.h */,
			);
			path = opencv;
			sourceTree = "<group>";
		};
		FFE275A013F1209500790E13 /* opencv2 */ = {
			isa = PBXGroup;
			children = (
				FFE275A113F1209500790E13 /* calib3d */,
				FFE275A313F1209500790E13 /* contrib */,
				FFE275A513F1209500790E13 /* core */,
				FFE275AF13F1209500790E13 /* features2d */,
				FFE275B113F1209500790E13 /* flann */,
				FFE275CB13F1209500790E13 /* gpu */,
				FFE275D013F1209500790E13 /* highgui */,
				FFE275D313F1209500790E13 /* imgproc */,
				FFE275D713F1209500790E13 /* legacy */,
				FFE275DC13F1209500790E13 /* ml */,
				FFE275DE13F1209500790E13 /* objdetect */,
				FFE275E013F1209500790E13 /* opencv.hpp */,
				FFE275E113F1209500790E13 /* video */,
			);
			path = opencv2;
			sourceTree = "<group>";
		};
		FFE275A113F1209500790E13 /* calib3d */ = {
			isa = PBXGroup;
			children = (
				FFE275A213F1209500790E13 /* calib3d.hpp */,
			);
			path = calib3d;
			sourceTree = "<group>";
		};
		FFE275A313F1209500790E13 /* contrib */ = {
			isa = PBXGroup;
			children = (
				FFE275A413F1209500790E13 /* contrib.hpp */,
			);
			path = contrib;
			sourceTree = "<group>";
		};
		FFE275A513F1209500790E13 /* core */ = {
			isa = PBXGroup;
			children = (
				FFE275A613F1209500790E13 /* core.hpp */,
				FFE275A713F1209500790E13 /* core_c.h */,
				FFE275A813F1209500790E13 /* eigen.hpp */,
				FFE275A913F1209500790E13 /* internal.hpp */,
				FFE275AA13F1209500790E13 /* mat.hpp */,
				FFE275AB13F1209500790E13 /* operations.hpp */,
				FFE275AC13F1209500790E13 /* types_c.h */,
				FFE275AD13F1209500790E13 /* version.hpp */,
				FFE275AE13F1209500790E13 /* wimage.hpp */,
			);
			path = core;
			sourceTree = "<group>";
		};
		FFE275AF13F1209500790E13 /* features2d */ = {
			isa = PBXGroup;
			children = (
				FFE275B013F1209500790E13 /* features2d.hpp */,
			);
			path = features2d;
			sourceTree = "<group>";
		};
		FFE275B113F1209500790E13 /* flann */ = {
			isa = PBXGroup;
			children = (
				FFE275B213F1209500790E13 /* all_indices.h */,
				FFE275B313F1209500790E13 /* allocator.h */,
				FFE275B413F1209500790E13 /* autotuned_index.h */,
				FFE275B513F1209500790E13 /* composite_index.h */,
				FFE275B613F1209500790E13 /* dist.h */,
				FFE275B713F1209500790E13 /* flann.hpp */,
				FFE275B813F1209500790E13 /* flann_base.hpp */,
				FFE275B913F1209500790E13 /* general.h */,
				FFE275BA13F1209500790E13 /* ground_truth.h */,
				FFE275BB13F1209500790E13 /* hdf5.h */,
				FFE275BC13F1209500790E13 /* heap.h */,
				FFE275BD13F1209500790E13 /* index_testing.h */,
				FFE275BE13F1209500790E13 /* kdtree_index.h */,
				FFE275BF13F1209500790E13 /* kmeans_index.h */,
				FFE275C013F1209500790E13 /* linear_index.h */,
				FFE275C113F1209500790E13 /* logger.h */,
				FFE275C213F1209500790E13 /* matrix.h */,
				FFE275C313F1209500790E13 /* nn_index.h */,
				FFE275C413F1209500790E13 /* object_factory.h */,
				FFE275C513F1209500790E13 /* random.h */,
				FFE275C613F1209500790E13 /* result_set.h */,
				FFE275C713F1209500790E13 /* sampling.h */,
				FFE275C813F1209500790E13 /* saving.h */,
				FFE275C913F1209500790E13 /* simplex_downhill.h */,
				FFE275CA13F1209500790E13 /* timer.h */,
			);
			path = flann;
			sourceTree = "<group>";
		};
		FFE275CB13F1209500790E13 /* gpu */ = {
			isa = PBXGroup;
			children = (
				FFE275CC13F1209500790E13 /* devmem2d.hpp */,
				FFE275CD13F1209500790E13 /* gpu.hpp */,
				FFE275CE13F1209500790E13 /* matrix_operations.hpp */,
				FFE275CF13F1209500790E13 /* stream_accessor.hpp */,
			);
			path = gpu;
			sourceTree = "<group>";
		};
		FFE275D013F1209500790E13 /* highgui */ = {
			isa = PBXGroup;
			children = (
				FFE275D113F1209500790E13 /* highgui.hpp */,
				FFE275D213F1209500790E13 /* highgui_c.h */,
			);
			path = highgui;
			sourceTree = "<group>";
		};
		FFE275D313F1209500790E13 /* imgproc */ = {
			isa = PBXGroup;
			children = (
				FFE275D413F1209500790E13 /* imgproc.hpp */,
				FFE275D513F1209500790E13 /* imgproc_c.h */,
				FFE275D613F1209500790E13 /* types_c.h */,
			);
			path = imgproc;
			sourceTree = "<group>";
		};
		FFE275D713F1209500790E13 /* legacy */ = {
			isa = PBXGroup;
			children = (
				FFE275D813F1209500790E13 /* blobtrack.hpp */,
				FFE275D913F1209500790E13 /* compat.hpp */,
				FFE275DA13F1209500790E13 /* legacy.hpp */,
				FFE275DB13F1209500790E13 /* streams.hpp */,
			);
			path = legacy;
			sourceTree = "<group>";
		};
		FFE275DC13F1209500790E13 /* ml */ = {
			isa = PBXGroup;
			children = (
				FFE275DD13F1209500790E13 /* ml.hpp */,
			);
			path = ml;
			sourceTree = "<group>";
		};
		FFE275DE13F1209500790E13 /* objdetect */ = {
			isa = PBXGroup;
			children = (
				FFE275DF13F1209500790E13 /* objdetect.hpp */,
			);
			path = objdetect;
			sourceTree = "<group>";
		};
		FFE275E113F1209500790E13 /* video */ = {
			isa = PBXGroup;
			children = (
				FFE275E213F1209500790E13 /* background_segm.hpp */,
				FFE275E313F1209500790E13 /* tracking.hpp */,
			);
			path = video;
			sourceTree = "<group>";
		};
		FFE275E413F1209500790E13 /* lib */ = {
			isa = PBXGroup;
			children = (
				FFE275E513F1209500790E13 /* osx */,
			);
			path = lib;
			sourceTree = "<group>";
		};
		FFE275E513F1209500790E13 /* osx */ = {
			isa = PBXGroup;
			children = (
				FFE275E613F1209500790E13 /* opencv.a */,
			);
			path = osx;
			sourceTree = "<group>";
		};
		FFE275E713F1209500790E13 /* src */ = {
			isa = PBXGroup;
			children = (
				FFE275E813F1209500790E13 /* ofxCvBlob.h */,
				FFE275E913F1209500790E13 /* ofxCvColorImage.cpp */,
				FFE275EA13F1209500790E13 /* ofxCvColorImage.h */,
				FFE275EB13F1209500790E13 /* ofxCvConstants.h */,
				FFE275EC13F1209500790E13 /* ofxCvContourFinder.cpp */,
				FFE275ED13F1209500790E13 /* ofxCvContourFinder.h */,
				FFE275EE13F1209500790E13 /* ofxCvFloatImage.cpp */,
				FFE275EF13F1209500790E13 /* ofxCvFloatImage.h */,
				FFE275F013F1209500790E13 /* ofxCvGrayscaleImage.cpp */,
				FFE275F113F1209500790E13 /* ofxCvGrayscaleImage.h */,
				FFE275F213F1209500790E13 /* ofxCvHaarFinder.cpp */,
				FFE275F313F1209500790E13 /* ofxCvHaarFinder.h */,
				FFE275F413F1209500790E13 /* ofxCvImage.cpp */,
				FFE275F513F1209500790E13 /* ofxCvImage.h */,
				FFE275F613F1209500790E13 /* ofxCvMain.h */,
				FFE275F713F1209500790E13 /* ofxCvShortImage.cpp */,
				FFE275F813F1209500790E13 /* ofxCvShortImage.h */,
				FFE275F913F1209500790E13 /* ofxOpenCv.h */,
			);
			path = src;
			sourceTree = "<group>";
		};
/* End PBXGroup section */

/* Begin PBXNativeTarget section */
		E4B69B5A0A3A1756003C02F2 /* emptyExample */ = {
			isa = PBXNativeTarget;
			buildConfigurationList = E4B69B5F0A3A1757003C02F2 /* Build configuration list for PBXNativeTarget "emptyExample" */;
			buildPhases = (
				E4B69B580A3A1756003C02F2 /* Sources */,
				E4B69B590A3A1756003C02F2 /* Frameworks */,
				E4B6FFFD0C3F9AB9008CF71C /* ShellScript */,
				E4C2427710CC5ABF004149E2 /* CopyFiles */,
			);
			buildRules = (
			);
			dependencies = (
				E4C2422810CC54DA004149E2 /* PBXTargetDependency */,
			);
			name = emptyExample;
			productName = myOFApp;
			productReference = E4B69B5B0A3A1756003C02F2 /* emptyExample.app */;
			productType = "com.apple.product-type.application";
		};
/* End PBXNativeTarget section */

/* Begin PBXProject section */
		E4B69B4C0A3A1720003C02F2 /* Project object */ = {
			isa = PBXProject;
			buildConfigurationList = E4B69B4D0A3A1720003C02F2 /* Build configuration list for PBXProject "emptyExample" */;
			compatibilityVersion = "Xcode 2.4";
			hasScannedForEncodings = 0;
			knownRegions = (
				English,
				Japanese,
				French,
				German,
			);
			mainGroup = E4B69B4A0A3A1720003C02F2;
			productRefGroup = E4B69B4A0A3A1720003C02F2;
			projectDirPath = "";
			projectReferences = (
				{
					ProductGroup = E4C2421710CC549C004149E2 /* Products */;
					ProjectRef = E4C2421610CC549C004149E2 /* openFrameworksLib.xcodeproj */;
				},
			);
			projectRoot = "";
			targets = (
				E4B69B5A0A3A1756003C02F2 /* emptyExample */,
			);
		};
/* End PBXProject section */

/* Begin PBXReferenceProxy section */
		E4C2421E10CC549C004149E2 /* openFrameworks.a */ = {
			isa = PBXReferenceProxy;
			fileType = archive.ar;
			path = openFrameworks.a;
			remoteRef = E4C2421D10CC549C004149E2 /* PBXContainerItemProxy */;
			sourceTree = BUILT_PRODUCTS_DIR;
		};
/* End PBXReferenceProxy section */

/* Begin PBXShellScriptBuildPhase section */
		E4B6FFFD0C3F9AB9008CF71C /* ShellScript */ = {
			isa = PBXShellScriptBuildPhase;
			buildActionMask = 2147483647;
			files = (
			);
			inputPaths = (
			);
			outputPaths = (
			);
			runOnlyForDeploymentPostprocessing = 0;
			shellPath = /bin/sh;
			shellScript = "cp -f ../../../libs/fmodex/lib/osx/libfmodex.dylib \"$TARGET_BUILD_DIR/$PRODUCT_NAME.app/Contents/MacOS/libfmodex.dylib\"\ninstall_name_tool -change ./libfmodex.dylib @executable_path/libfmodex.dylib \"$TARGET_BUILD_DIR/$PRODUCT_NAME.app/Contents/MacOS/$PRODUCT_NAME\" ";
		};
/* End PBXShellScriptBuildPhase section */

/* Begin PBXSourcesBuildPhase section */
		E4B69B580A3A1756003C02F2 /* Sources */ = {
			isa = PBXSourcesBuildPhase;
			buildActionMask = 2147483647;
			files = (
				E4B69E200A3A1BDC003C02F2 /* main.cpp in Sources */,
				E4B69E210A3A1BDC003C02F2 /* testApp.cpp in Sources */,
				FF88432513C3505600394F05 /* tinyxml.cpp in Sources */,
				FF88432613C3505600394F05 /* tinyxmlerror.cpp in Sources */,
				FF88432713C3505600394F05 /* tinyxmlparser.cpp in Sources */,
				FF88432813C3505600394F05 /* ofxXmlSettings.cpp in Sources */,
				FF88433A13C3506400394F05 /* ofxTCPClient.cpp in Sources */,
				FF88433B13C3506400394F05 /* ofxTCPManager.cpp in Sources */,
				FF88433C13C3506400394F05 /* ofxTCPServer.cpp in Sources */,
				FF88433D13C3506400394F05 /* ofxUDPManager.cpp in Sources */,
				FFE275FB13F1209500790E13 /* ofxCvColorImage.cpp in Sources */,
				FFE275FC13F1209500790E13 /* ofxCvContourFinder.cpp in Sources */,
				FFE275FD13F1209500790E13 /* ofxCvFloatImage.cpp in Sources */,
				FFE275FE13F1209500790E13 /* ofxCvGrayscaleImage.cpp in Sources */,
				FFE275FF13F1209500790E13 /* ofxCvHaarFinder.cpp in Sources */,
				FFE2760013F1209500790E13 /* ofxCvImage.cpp in Sources */,
				FFE2760113F1209500790E13 /* ofxCvShortImage.cpp in Sources */,
				FFA19D581472AD2D00E1386D /* ofxMemoryUsage.cpp in Sources */,
			);
			runOnlyForDeploymentPostprocessing = 0;
		};
/* End PBXSourcesBuildPhase section */

/* Begin PBXTargetDependency section */
		E4C2422810CC54DA004149E2 /* PBXTargetDependency */ = {
			isa = PBXTargetDependency;
			name = openFrameworks;
			targetProxy = E4C2422710CC54DA004149E2 /* PBXContainerItemProxy */;
		};
/* End PBXTargetDependency section */

/* Begin XCBuildConfiguration section */
		E4B69B4E0A3A1720003C02F2 /* Debug */ = {
			isa = XCBuildConfiguration;
			buildSettings = {
				ARCHS = "$(NATIVE_ARCH)";
				CONFIGURATION_BUILD_DIR = "$(SRCROOT)/bin/";
				COPY_PHASE_STRIP = NO;
				DEAD_CODE_STRIPPING = YES;
				GCC_AUTO_VECTORIZATION = YES;
				GCC_ENABLE_SSE3_EXTENSIONS = YES;
				GCC_ENABLE_SUPPLEMENTAL_SSE3_INSTRUCTIONS = YES;
				GCC_INLINES_ARE_PRIVATE_EXTERN = NO;
				GCC_MODEL_TUNING = G5;
				GCC_SYMBOLS_PRIVATE_EXTERN = NO;
				GCC_WARN_ABOUT_DEPRECATED_FUNCTIONS = NO;
				GCC_WARN_ABOUT_INVALID_OFFSETOF_MACRO = NO;
				GCC_WARN_ALLOW_INCOMPLETE_PROTOCOL = NO;
				GCC_WARN_UNINITIALIZED_AUTOS = NO;
				GCC_WARN_UNUSED_VALUE = NO;
				GCC_WARN_UNUSED_VARIABLE = NO;
				HEADER_SEARCH_PATHS = (
					"../../../libs/openFrameworks/**",
					../../../libs/freetype/include/,
					../../../libs/freetype/include/freetype2,
					../../../libs/poco/include,
					../../../addons/,
					"../../../libs/glew/include/GL/**",
					"../../../libs/assimp/include/**",
					"../../../libs/fmodex/include/**",
					"../../../libs/freeimage/include/**",
				);
				OTHER_CPLUSPLUSFLAGS = (
					"-D__MACOSX_CORE__",
					"-lpthread",
				);
				OTHER_LDFLAGS = (
					"$(OTHER_LDFLAGS_QUOTED_FOR_PROJECT_1)",
					"$(OTHER_LDFLAGS_QUOTED_FOR_PROJECT_2)",
					"$(OTHER_LDFLAGS_QUOTED_FOR_PROJECT_3)",
					"$(OTHER_LDFLAGS_QUOTED_FOR_PROJECT_4)",
					"$(OTHER_LDFLAGS_QUOTED_FOR_PROJECT_5)",
					"$(OTHER_LDFLAGS_QUOTED_FOR_PROJECT_6)",
					"$(OTHER_LDFLAGS_QUOTED_FOR_PROJECT_7)",
					"$(OTHER_LDFLAGS_QUOTED_FOR_PROJECT_8)",
					"$(OTHER_LDFLAGS_QUOTED_FOR_PROJECT_9)",
					"$(OTHER_LDFLAGS_QUOTED_FOR_PROJECT_9)",
					"$(OTHER_LDFLAGS_QUOTED_FOR_PROJECT_10)",
				);
				OTHER_LDFLAGS_QUOTED_FOR_PROJECT_1 = "\"../../../libs/poco/lib/osx/PocoUtil.a\"";
				OTHER_LDFLAGS_QUOTED_FOR_PROJECT_10 = "\"../../../libs/assimp/lib/osx/assimp.a\"";
				OTHER_LDFLAGS_QUOTED_FOR_PROJECT_2 = "\"../../../libs/poco/lib/osx/PocoXML.a\"";
				OTHER_LDFLAGS_QUOTED_FOR_PROJECT_3 = "\"../../../libs/poco/lib/osx/PocoFoundation.a\"";
				OTHER_LDFLAGS_QUOTED_FOR_PROJECT_4 = "\"../../../libs/poco/lib/osx/PocoNet.a\"";
				OTHER_LDFLAGS_QUOTED_FOR_PROJECT_5 = "\"../../../libs/rtAudio/lib/osx/rtAudio.a\"";
				OTHER_LDFLAGS_QUOTED_FOR_PROJECT_6 = "\"../../../libs/freetype/lib/osx/freetype.a\"";
				OTHER_LDFLAGS_QUOTED_FOR_PROJECT_7 = "\"../../../libs/FreeImage/lib/osx/freeimage.a\"";
				OTHER_LDFLAGS_QUOTED_FOR_PROJECT_8 = "\"../../../libs/fmodex/lib/osx/libfmodex.dylib\"";
				OTHER_LDFLAGS_QUOTED_FOR_PROJECT_9 = "\"../../../libs/glew/lib/osx/glew.a\"";
			};
			name = Debug;
		};
		E4B69B4F0A3A1720003C02F2 /* Release */ = {
			isa = XCBuildConfiguration;
			buildSettings = {
				ARCHS = "$(NATIVE_ARCH)";
				CONFIGURATION_BUILD_DIR = "$(SRCROOT)/bin/";
				COPY_PHASE_STRIP = YES;
				DEAD_CODE_STRIPPING = YES;
				GCC_AUTO_VECTORIZATION = YES;
				GCC_ENABLE_SSE3_EXTENSIONS = YES;
				GCC_ENABLE_SUPPLEMENTAL_SSE3_INSTRUCTIONS = YES;
				GCC_INLINES_ARE_PRIVATE_EXTERN = NO;
				GCC_MODEL_TUNING = G5;
				GCC_OPTIMIZATION_LEVEL = 3;
				GCC_SYMBOLS_PRIVATE_EXTERN = NO;
				GCC_UNROLL_LOOPS = YES;
				GCC_VERSION = 4.2;
				GCC_WARN_ABOUT_DEPRECATED_FUNCTIONS = NO;
				GCC_WARN_ABOUT_INVALID_OFFSETOF_MACRO = NO;
				GCC_WARN_ALLOW_INCOMPLETE_PROTOCOL = NO;
				GCC_WARN_UNINITIALIZED_AUTOS = NO;
				GCC_WARN_UNUSED_VALUE = NO;
				GCC_WARN_UNUSED_VARIABLE = NO;
				HEADER_SEARCH_PATHS = (
					"../../../libs/openFrameworks/**",
					../../../libs/freetype/include/,
					../../../libs/freetype/include/freetype2,
					../../../libs/poco/include,
					../../../addons/,
					"../../../libs/glew/include/GL/**",
					"../../../libs/assimp/include/**",
					"../../../libs/fmodex/include/**",
					"../../../libs/freeimage/include/**",
				);
				OTHER_CPLUSPLUSFLAGS = (
					"-D__MACOSX_CORE__",
					"-lpthread",
				);
				OTHER_LDFLAGS = (
					"$(OTHER_LDFLAGS_QUOTED_FOR_PROJECT_1)",
					"$(OTHER_LDFLAGS_QUOTED_FOR_PROJECT_2)",
					"$(OTHER_LDFLAGS_QUOTED_FOR_PROJECT_3)",
					"$(OTHER_LDFLAGS_QUOTED_FOR_PROJECT_4)",
					"$(OTHER_LDFLAGS_QUOTED_FOR_PROJECT_5)",
					"$(OTHER_LDFLAGS_QUOTED_FOR_PROJECT_6)",
					"$(OTHER_LDFLAGS_QUOTED_FOR_PROJECT_7)",
					"$(OTHER_LDFLAGS_QUOTED_FOR_PROJECT_8)",
					"$(OTHER_LDFLAGS_QUOTED_FOR_PROJECT_9)",
					"$(OTHER_LDFLAGS_QUOTED_FOR_PROJECT_9)",
					"$(OTHER_LDFLAGS_QUOTED_FOR_PROJECT_10)",
				);
				OTHER_LDFLAGS_QUOTED_FOR_PROJECT_1 = "\"../../../libs/poco/lib/osx/PocoUtil.a\"";
				OTHER_LDFLAGS_QUOTED_FOR_PROJECT_10 = "\"../../../libs/assimp/lib/osx/assimp.a\"";
				OTHER_LDFLAGS_QUOTED_FOR_PROJECT_2 = "\"../../../libs/poco/lib/osx/PocoXML.a\"";
				OTHER_LDFLAGS_QUOTED_FOR_PROJECT_3 = "\"../../../libs/poco/lib/osx/PocoFoundation.a\"";
				OTHER_LDFLAGS_QUOTED_FOR_PROJECT_4 = "\"../../../libs/poco/lib/osx/PocoNet.a\"";
				OTHER_LDFLAGS_QUOTED_FOR_PROJECT_5 = "\"../../../libs/rtAudio/lib/osx/rtAudio.a\"";
				OTHER_LDFLAGS_QUOTED_FOR_PROJECT_6 = "\"../../../libs/freetype/lib/osx/freetype.a\"";
				OTHER_LDFLAGS_QUOTED_FOR_PROJECT_7 = "\"../../../libs/FreeImage/lib/osx/freeimage.a\"";
				OTHER_LDFLAGS_QUOTED_FOR_PROJECT_8 = "\"../../../libs/fmodex/lib/osx/libfmodex.dylib\"";
				OTHER_LDFLAGS_QUOTED_FOR_PROJECT_9 = "\"../../../libs/glew/lib/osx/glew.a\"";
			};
			name = Release;
		};
		E4B69B600A3A1757003C02F2 /* Debug */ = {
			isa = XCBuildConfiguration;
			buildSettings = {
				COPY_PHASE_STRIP = NO;
				FRAMEWORK_SEARCH_PATHS = (
					"$(inherited)",
					"$(FRAMEWORK_SEARCH_PATHS_QUOTED_FOR_TARGET_1)",
				);
				FRAMEWORK_SEARCH_PATHS_QUOTED_FOR_TARGET_1 = "\"$(SRCROOT)/../../../libs/glut/lib/osx\"";
				GCC_DYNAMIC_NO_PIC = NO;
				GCC_ENABLE_FIX_AND_CONTINUE = YES;
				GCC_GENERATE_DEBUGGING_SYMBOLS = YES;
				GCC_MODEL_TUNING = G4;
				GCC_OPTIMIZATION_LEVEL = 0;
				GCC_PRECOMPILE_PREFIX_HEADER = YES;
				GCC_PREFIX_HEADER = "$(SYSTEM_LIBRARY_DIR)/Frameworks/Carbon.framework/Headers/Carbon.h";
				HEADER_SEARCH_PATHS = (
					"../../../libs/openFrameworks/**",
					"../../../addons/ofxOpenCv/libs/opencv/include/**",
					../../../libs/freetype/include/,
					../../../libs/freetype/include/freetype2,
					../../../libs/poco/include,
					../../../addons/,
					"../../../libs/glew/include/**",
					"../../../libs/assimp/include/**",
					"../../../libs/fmodex/include/**",
					"../../../libs/freeimage/include/**",
				);
				INFOPLIST_FILE = "openFrameworks-Info.plist";
				INSTALL_PATH = "$(HOME)/Applications";
				LIBRARY_SEARCH_PATHS = (
					"$(inherited)",
					"$(LIBRARY_SEARCH_PATHS_QUOTED_FOR_TARGET_1)",
					"$(LIBRARY_SEARCH_PATHS_QUOTED_FOR_TARGET_2)",
					"$(LIBRARY_SEARCH_PATHS_QUOTED_FOR_TARGET_3)",
					"$(LIBRARY_SEARCH_PATHS_QUOTED_FOR_TARGET_4)",
					"$(LIBRARY_SEARCH_PATHS_QUOTED_FOR_TARGET_5)",
					"$(LIBRARY_SEARCH_PATHS_QUOTED_FOR_TARGET_6)",
					"$(LIBRARY_SEARCH_PATHS_QUOTED_FOR_TARGET_7)",
					"$(LIBRARY_SEARCH_PATHS_QUOTED_FOR_TARGET_8)",
					"$(LIBRARY_SEARCH_PATHS_QUOTED_FOR_TARGET_9)",
					"$(LIBRARY_SEARCH_PATHS_QUOTED_FOR_TARGET_10)",
					"$(LIBRARY_SEARCH_PATHS_QUOTED_FOR_TARGET_11)",
					"$(LIBRARY_SEARCH_PATHS_QUOTED_FOR_TARGET_12)",
					"$(LIBRARY_SEARCH_PATHS_QUOTED_FOR_TARGET_13)",
					"$(LIBRARY_SEARCH_PATHS_QUOTED_FOR_TARGET_14)",
					"$(LIBRARY_SEARCH_PATHS_QUOTED_FOR_TARGET_15)",
					"$(LIBRARY_SEARCH_PATHS_QUOTED_FOR_TARGET_2)",
					"$(LIBRARY_SEARCH_PATHS_QUOTED_1)",
					"$(LIBRARY_SEARCH_PATHS_QUOTED_FOR_TARGET_3)",
					"$(LIBRARY_SEARCH_PATHS_QUOTED_FOR_TARGET_7)",
					"$(LIBRARY_SEARCH_PATHS_QUOTED_FOR_TARGET_9)",
					"$(LIBRARY_SEARCH_PATHS_QUOTED_FOR_TARGET_10)",
					"$(LIBRARY_SEARCH_PATHS_QUOTED_FOR_TARGET_11)",
					"$(LIBRARY_SEARCH_PATHS_QUOTED_FOR_TARGET_12)",
					"$(LIBRARY_SEARCH_PATHS_QUOTED_FOR_TARGET_13)",
					"$(LIBRARY_SEARCH_PATHS_QUOTED_FOR_TARGET_16)",
					"$(LIBRARY_SEARCH_PATHS_QUOTED_FOR_TARGET_17)",
					"$(LIBRARY_SEARCH_PATHS_QUOTED_FOR_TARGET_18)",
					"$(LIBRARY_SEARCH_PATHS_QUOTED_FOR_TARGET_19)",
					"$(LIBRARY_SEARCH_PATHS_QUOTED_FOR_TARGET_20)",
					"$(LIBRARY_SEARCH_PATHS_QUOTED_FOR_TARGET_21)",
					"$(LIBRARY_SEARCH_PATHS_QUOTED_FOR_TARGET_22)",
					"$(LIBRARY_SEARCH_PATHS_QUOTED_FOR_TARGET_23)",
					"$(LIBRARY_SEARCH_PATHS_QUOTED_FOR_TARGET_24)",
					"$(LIBRARY_SEARCH_PATHS_QUOTED_FOR_TARGET_25)",
					"$(LIBRARY_SEARCH_PATHS_QUOTED_FOR_TARGET_26)",
					"$(LIBRARY_SEARCH_PATHS_QUOTED_1)",
				);
				LIBRARY_SEARCH_PATHS_QUOTED_1 = "\"$(SRCROOT)/../../../addons/ofxOpenCv/libs/opencv/lib/osx\"";
				LIBRARY_SEARCH_PATHS_QUOTED_FOR_TARGET_1 = "\"$(SRCROOT)/../../../libs/freeimage/lib/osx\"";
				LIBRARY_SEARCH_PATHS_QUOTED_FOR_TARGET_10 = "\"$(SRCROOT)/../../../libs/cairo/lib/osx\"";
				LIBRARY_SEARCH_PATHS_QUOTED_FOR_TARGET_11 = "\"$(SRCROOT)/../../../libs/cairo/lib/vs2010\"";
				LIBRARY_SEARCH_PATHS_QUOTED_FOR_TARGET_12 = "\"$(SRCROOT)/../../../libs/cairo/lib/win_cb\"";
				LIBRARY_SEARCH_PATHS_QUOTED_FOR_TARGET_13 = "\"$(SRCROOT)/../../../libs/glew/lib/osx\"";
				LIBRARY_SEARCH_PATHS_QUOTED_FOR_TARGET_14 = "\"$(SRCROOT)/../../../libs/fmodex/lib/osx\"";
				LIBRARY_SEARCH_PATHS_QUOTED_FOR_TARGET_15 = "\"$(SRCROOT)/../../../libs/freetype/lib/osx\"";
				LIBRARY_SEARCH_PATHS_QUOTED_FOR_TARGET_16 = "\"$(SRCROOT)/../../../libs/glew/lib/vs2010\"";
				LIBRARY_SEARCH_PATHS_QUOTED_FOR_TARGET_17 = "\"$(SRCROOT)/../../../libs/glew/lib/win_cb\"";
				LIBRARY_SEARCH_PATHS_QUOTED_FOR_TARGET_18 = "\"$(SRCROOT)/../../../libs/tess2/lib/android/armeabi\"";
				LIBRARY_SEARCH_PATHS_QUOTED_FOR_TARGET_19 = "\"$(SRCROOT)/../../../libs/tess2/lib/android/armeabi-v7a\"";
				LIBRARY_SEARCH_PATHS_QUOTED_FOR_TARGET_2 = "\"$(SRCROOT)/../../../libs/FreeImage/lib/osx\"";
				LIBRARY_SEARCH_PATHS_QUOTED_FOR_TARGET_20 = "\"$(SRCROOT)/../../../libs/tess2/lib/iphone\"";
				LIBRARY_SEARCH_PATHS_QUOTED_FOR_TARGET_21 = "\"$(SRCROOT)/../../../libs/tess2/lib/linux\"";
				LIBRARY_SEARCH_PATHS_QUOTED_FOR_TARGET_22 = "\"$(SRCROOT)/../../../libs/tess2/lib/linux64\"";
				LIBRARY_SEARCH_PATHS_QUOTED_FOR_TARGET_23 = "\"$(SRCROOT)/../../../libs/tess2/lib/osx\"";
				LIBRARY_SEARCH_PATHS_QUOTED_FOR_TARGET_24 = "\"$(SRCROOT)/../../../libs/tess2/lib/vs2010\"";
				LIBRARY_SEARCH_PATHS_QUOTED_FOR_TARGET_25 = "\"$(SRCROOT)/../../../libs/tess2/lib/win_cb\"";
				LIBRARY_SEARCH_PATHS_QUOTED_FOR_TARGET_26 = "\"$(SRCROOT)/../../../../openframeworks_v0070_GIT/addons/ofxOpenCv/libs/opencv/lib/osx\"";
				LIBRARY_SEARCH_PATHS_QUOTED_FOR_TARGET_3 = "\"$(SRCROOT)/../../../libs/glew/libs/osx\"";
				LIBRARY_SEARCH_PATHS_QUOTED_FOR_TARGET_4 = "";
				LIBRARY_SEARCH_PATHS_QUOTED_FOR_TARGET_5 = "\"$(SRCROOT)/../../../libs/poco/lib/osx\"";
				LIBRARY_SEARCH_PATHS_QUOTED_FOR_TARGET_6 = "\"$(SRCROOT)/../../../libs/rtAudio/lib/osx\"";
				LIBRARY_SEARCH_PATHS_QUOTED_FOR_TARGET_7 = "\"$(SRCROOT)/../../../libs/glew/libs/osx\"";
				LIBRARY_SEARCH_PATHS_QUOTED_FOR_TARGET_8 = "\"$(SRCROOT)/../../../addons/ofxOpenCv/libs/opencv/lib/osx\"";
				LIBRARY_SEARCH_PATHS_QUOTED_FOR_TARGET_9 = "\"$(SRCROOT)/../../../addons/ofxOpenCv/libs/opencv/lib/osx\"";
				PREBINDING = NO;
				PRODUCT_NAME = "$(TARGET_NAME)Debug";
				SDKROOT = "";
				WRAPPER_EXTENSION = app;
				ZERO_LINK = NO;
			};
			name = Debug;
		};
		E4B69B610A3A1757003C02F2 /* Release */ = {
			isa = XCBuildConfiguration;
			buildSettings = {
				COPY_PHASE_STRIP = YES;
				FRAMEWORK_SEARCH_PATHS = (
					"$(inherited)",
					"$(FRAMEWORK_SEARCH_PATHS_QUOTED_FOR_TARGET_1)",
				);
				FRAMEWORK_SEARCH_PATHS_QUOTED_FOR_TARGET_1 = "\"$(SRCROOT)/../../../libs/glut/lib/osx\"";
				GCC_ENABLE_FIX_AND_CONTINUE = NO;
				GCC_GENERATE_DEBUGGING_SYMBOLS = NO;
				GCC_MODEL_TUNING = G4;
				GCC_PRECOMPILE_PREFIX_HEADER = YES;
				GCC_PREFIX_HEADER = "$(SYSTEM_LIBRARY_DIR)/Frameworks/Carbon.framework/Headers/Carbon.h";
				HEADER_SEARCH_PATHS = (
					"../../../libs/openFrameworks/**",
					"../../../addons/ofxOpenCv/libs/opencv/include/**",
					../../../libs/freetype/include/,
					../../../libs/freetype/include/freetype2,
					../../../libs/poco/include,
					../../../addons/,
					"../../../libs/glew/include/**",
					"../../../libs/assimp/include/**",
					"../../../libs/fmodex/include/**",
					"../../../libs/freeimage/include/**",
				);
				INFOPLIST_FILE = "openFrameworks-Info.plist";
				INSTALL_PATH = "$(HOME)/Applications";
				LIBRARY_SEARCH_PATHS = (
					"$(inherited)",
					"$(LIBRARY_SEARCH_PATHS_QUOTED_FOR_TARGET_1)",
					"$(LIBRARY_SEARCH_PATHS_QUOTED_FOR_TARGET_2)",
					"$(LIBRARY_SEARCH_PATHS_QUOTED_FOR_TARGET_3)",
					"$(LIBRARY_SEARCH_PATHS_QUOTED_FOR_TARGET_4)",
					"$(LIBRARY_SEARCH_PATHS_QUOTED_FOR_TARGET_5)",
					"$(LIBRARY_SEARCH_PATHS_QUOTED_FOR_TARGET_6)",
					"$(LIBRARY_SEARCH_PATHS_QUOTED_FOR_TARGET_7)",
					"$(LIBRARY_SEARCH_PATHS_QUOTED_FOR_TARGET_8)",
					"$(LIBRARY_SEARCH_PATHS_QUOTED_FOR_TARGET_9)",
					"$(LIBRARY_SEARCH_PATHS_QUOTED_FOR_TARGET_10)",
					"$(LIBRARY_SEARCH_PATHS_QUOTED_FOR_TARGET_11)",
					"$(LIBRARY_SEARCH_PATHS_QUOTED_FOR_TARGET_12)",
					"$(LIBRARY_SEARCH_PATHS_QUOTED_FOR_TARGET_13)",
					"$(LIBRARY_SEARCH_PATHS_QUOTED_FOR_TARGET_14)",
					"$(LIBRARY_SEARCH_PATHS_QUOTED_FOR_TARGET_15)",
					"$(LIBRARY_SEARCH_PATHS_QUOTED_FOR_TARGET_2)",
					"$(LIBRARY_SEARCH_PATHS_QUOTED_1)",
					"$(LIBRARY_SEARCH_PATHS_QUOTED_FOR_TARGET_3)",
					"$(LIBRARY_SEARCH_PATHS_QUOTED_FOR_TARGET_7)",
					"$(LIBRARY_SEARCH_PATHS_QUOTED_FOR_TARGET_8)",
					"$(LIBRARY_SEARCH_PATHS_QUOTED_FOR_TARGET_9)",
					"$(LIBRARY_SEARCH_PATHS_QUOTED_FOR_TARGET_10)",
					"$(LIBRARY_SEARCH_PATHS_QUOTED_FOR_TARGET_11)",
					"$(LIBRARY_SEARCH_PATHS_QUOTED_FOR_TARGET_12)",
					"$(LIBRARY_SEARCH_PATHS_QUOTED_FOR_TARGET_13)",
					"$(LIBRARY_SEARCH_PATHS_QUOTED_FOR_TARGET_16)",
					"$(LIBRARY_SEARCH_PATHS_QUOTED_FOR_TARGET_17)",
					"$(LIBRARY_SEARCH_PATHS_QUOTED_FOR_TARGET_18)",
					"$(LIBRARY_SEARCH_PATHS_QUOTED_FOR_TARGET_19)",
					"$(LIBRARY_SEARCH_PATHS_QUOTED_FOR_TARGET_20)",
					"$(LIBRARY_SEARCH_PATHS_QUOTED_FOR_TARGET_21)",
					"$(LIBRARY_SEARCH_PATHS_QUOTED_FOR_TARGET_22)",
					"$(LIBRARY_SEARCH_PATHS_QUOTED_FOR_TARGET_23)",
					"$(LIBRARY_SEARCH_PATHS_QUOTED_FOR_TARGET_24)",
					"$(LIBRARY_SEARCH_PATHS_QUOTED_2)",
					"$(LIBRARY_SEARCH_PATHS_QUOTED_FOR_TARGET_25)",
				);
				LIBRARY_SEARCH_PATHS_QUOTED_1 = "\"$(SRCROOT)/../../../libs/glew/libs/osx\"";
				LIBRARY_SEARCH_PATHS_QUOTED_2 = "\"$(SRCROOT)/../../../../openframeworks_v0070_GIT/addons/ofxOpenCv/libs/opencv/lib/osx\"";
				LIBRARY_SEARCH_PATHS_QUOTED_FOR_TARGET_1 = "\"$(SRCROOT)/../../../libs/freeimage/lib/osx\"";
				LIBRARY_SEARCH_PATHS_QUOTED_FOR_TARGET_10 = "\"$(SRCROOT)/../../../libs/cairo/lib/vs2010\"";
				LIBRARY_SEARCH_PATHS_QUOTED_FOR_TARGET_11 = "\"$(SRCROOT)/../../../libs/cairo/lib/win_cb\"";
				LIBRARY_SEARCH_PATHS_QUOTED_FOR_TARGET_12 = "\"$(SRCROOT)/../../../libs/glew/lib/osx\"";
				LIBRARY_SEARCH_PATHS_QUOTED_FOR_TARGET_13 = "\"$(SRCROOT)/../../../libs/glew/lib/vs2010\"";
				LIBRARY_SEARCH_PATHS_QUOTED_FOR_TARGET_14 = "\"$(SRCROOT)/../../../libs/fmodex/lib/osx\"";
				LIBRARY_SEARCH_PATHS_QUOTED_FOR_TARGET_15 = "\"$(SRCROOT)/../../../libs/freetype/lib/osx\"";
				LIBRARY_SEARCH_PATHS_QUOTED_FOR_TARGET_16 = "\"$(SRCROOT)/../../../libs/glew/lib/win_cb\"";
				LIBRARY_SEARCH_PATHS_QUOTED_FOR_TARGET_17 = "\"$(SRCROOT)/../../../libs/tess2/lib/android/armeabi\"";
				LIBRARY_SEARCH_PATHS_QUOTED_FOR_TARGET_18 = "\"$(SRCROOT)/../../../libs/tess2/lib/android/armeabi-v7a\"";
				LIBRARY_SEARCH_PATHS_QUOTED_FOR_TARGET_19 = "\"$(SRCROOT)/../../../libs/tess2/lib/iphone\"";
				LIBRARY_SEARCH_PATHS_QUOTED_FOR_TARGET_2 = "\"$(SRCROOT)/../../../libs/FreeImage/lib/osx\"";
				LIBRARY_SEARCH_PATHS_QUOTED_FOR_TARGET_20 = "\"$(SRCROOT)/../../../libs/tess2/lib/linux\"";
				LIBRARY_SEARCH_PATHS_QUOTED_FOR_TARGET_21 = "\"$(SRCROOT)/../../../libs/tess2/lib/linux64\"";
				LIBRARY_SEARCH_PATHS_QUOTED_FOR_TARGET_22 = "\"$(SRCROOT)/../../../libs/tess2/lib/osx\"";
				LIBRARY_SEARCH_PATHS_QUOTED_FOR_TARGET_23 = "\"$(SRCROOT)/../../../libs/tess2/lib/vs2010\"";
				LIBRARY_SEARCH_PATHS_QUOTED_FOR_TARGET_24 = "\"$(SRCROOT)/../../../libs/tess2/lib/win_cb\"";
				LIBRARY_SEARCH_PATHS_QUOTED_FOR_TARGET_25 = "\"$(SRCROOT)/../../../addons/ofxOpenCv/libs/opencv/lib/osx\"";
				LIBRARY_SEARCH_PATHS_QUOTED_FOR_TARGET_3 = "\"$(SRCROOT)/../../../libs/glew/libs/osx\"";
				LIBRARY_SEARCH_PATHS_QUOTED_FOR_TARGET_4 = "";
				LIBRARY_SEARCH_PATHS_QUOTED_FOR_TARGET_5 = "\"$(SRCROOT)/../../../libs/poco/lib/osx\"";
				LIBRARY_SEARCH_PATHS_QUOTED_FOR_TARGET_6 = "\"$(SRCROOT)/../../../libs/rtAudio/lib/osx\"";
				LIBRARY_SEARCH_PATHS_QUOTED_FOR_TARGET_7 = "\"$(SRCROOT)/../../../addons/ofxOpenCv/libs/opencv/lib/osx\"";
				LIBRARY_SEARCH_PATHS_QUOTED_FOR_TARGET_8 = "\"$(SRCROOT)/../../../addons/ofxOpenCv/libs/opencv/lib/osx\"";
				LIBRARY_SEARCH_PATHS_QUOTED_FOR_TARGET_9 = "\"$(SRCROOT)/../../../libs/cairo/lib/osx\"";
				PREBINDING = NO;
				PRODUCT_NAME = "$(TARGET_NAME)";
				SDKROOT = "";
				WRAPPER_EXTENSION = app;
				ZERO_LINK = NO;
			};
			name = Release;
		};
/* End XCBuildConfiguration section */

/* Begin XCConfigurationList section */
		E4B69B4D0A3A1720003C02F2 /* Build configuration list for PBXProject "emptyExample" */ = {
			isa = XCConfigurationList;
			buildConfigurations = (
				E4B69B4E0A3A1720003C02F2 /* Debug */,
				E4B69B4F0A3A1720003C02F2 /* Release */,
			);
			defaultConfigurationIsVisible = 0;
			defaultConfigurationName = Release;
		};
		E4B69B5F0A3A1757003C02F2 /* Build configuration list for PBXNativeTarget "emptyExample" */ = {
			isa = XCConfigurationList;
			buildConfigurations = (
				E4B69B600A3A1757003C02F2 /* Debug */,
				E4B69B610A3A1757003C02F2 /* Release */,
			);
			defaultConfigurationIsVisible = 0;
			defaultConfigurationName = Release;
		};
/* End XCConfigurationList section */
	};
	rootObject = E4B69B4C0A3A1720003C02F2 /* Project object */;
}
